<?xml version="1.0" encoding="utf-8"?>
<Project ToolsVersion="4.0" xmlns="http://schemas.microsoft.com/developer/msbuild/2003">
  <ItemGroup>
    <Filter Include="소스 파일">
      <UniqueIdentifier>{4FC737F1-C7A5-4376-A066-2A32D752A2FF}</UniqueIdentifier>
      <Extensions>cpp;c;cc;cxx;c++;cppm;ixx;def;odl;idl;hpj;bat;asm;asmx</Extensions>
    </Filter>
    <Filter Include="헤더 파일">
      <UniqueIdentifier>{93995380-89BD-4b04-88EB-625FBE52EBFB}</UniqueIdentifier>
      <Extensions>h;hh;hpp;hxx;h++;hm;inl;inc;ipp;xsd</Extensions>
    </Filter>
    <Filter Include="리소스 파일">
      <UniqueIdentifier>{67DA6AB6-F800-4c08-8B7A-83BB121AAD01}</UniqueIdentifier>
      <Extensions>rc;ico;cur;bmp;dlg;rc2;rct;bin;rgs;gif;jpg;jpeg;jpe;resx;tiff;tif;png;wav;mfcribbon-ms</Extensions>
    </Filter>
    <Filter Include="소스 파일\Engine">
      <UniqueIdentifier>{2743a4a4-c740-4f27-9c2e-1ce7d1790c37}</UniqueIdentifier>
    </Filter>
    <Filter Include="헤더 파일\Utils">
      <UniqueIdentifier>{67f3d61d-0099-4e81-804b-96a5975cf393}</UniqueIdentifier>
    </Filter>
    <Filter Include="소스 파일\Engine\Graphic">
      <UniqueIdentifier>{3ca9b127-b72a-476b-bc29-05c6ce6ddb79}</UniqueIdentifier>
    </Filter>
    <Filter Include="소스 파일\Engine\Pipeline">
      <UniqueIdentifier>{eae637a7-e201-4e7e-a79d-f54297ea6d9b}</UniqueIdentifier>
    </Filter>
    <Filter Include="소스 파일\Engine\Pipeline\0_Buffer">
      <UniqueIdentifier>{62e80e43-61ef-4317-be88-0c220af0eed1}</UniqueIdentifier>
    </Filter>
    <Filter Include="소스 파일\Engine\Pipeline\1_InputAssembler">
      <UniqueIdentifier>{9d00fdbf-d40b-4f25-a14a-9010a34f2604}</UniqueIdentifier>
    </Filter>
    <Filter Include="소스 파일\Engine\Pipeline\2_Rasterizer">
      <UniqueIdentifier>{033468cd-03e4-4ad6-bdfc-98252e54fc83}</UniqueIdentifier>
    </Filter>
    <Filter Include="소스 파일\Engine\Pipeline\3_Shader">
      <UniqueIdentifier>{5ddd61f4-fed3-4dca-a8fe-f9af196cbfc2}</UniqueIdentifier>
    </Filter>
    <Filter Include="소스 파일\Engine\Pipeline\3_Shader\PixelShader">
      <UniqueIdentifier>{c1238b72-d231-426e-87d3-b966695738f3}</UniqueIdentifier>
    </Filter>
    <Filter Include="소스 파일\Engine\Pipeline\3_Shader\VertexShader">
      <UniqueIdentifier>{0041a404-f72a-49d3-8ed8-99ac98c7df1a}</UniqueIdentifier>
    </Filter>
    <Filter Include="소스 파일\Engine\Pipeline\4_OutputMerger">
      <UniqueIdentifier>{c90576e2-732b-4f4d-b94f-bf8587cbfbae}</UniqueIdentifier>
    </Filter>
    <Filter Include="소스 파일\Engine\Pipeline\4_OutputMerger\BlendState">
      <UniqueIdentifier>{c7059efa-b3ae-468c-b421-da2da03c359d}</UniqueIdentifier>
    </Filter>
    <Filter Include="소스 파일\Engine\Pipeline\5_Texture">
      <UniqueIdentifier>{2eef5446-b711-49f2-9b13-9107f84accde}</UniqueIdentifier>
    </Filter>
    <Filter Include="소스 파일\Engine\Pipeline\5_Texture\Texture">
      <UniqueIdentifier>{c475c293-4ae3-4db2-8c19-79f61338b01c}</UniqueIdentifier>
    </Filter>
    <Filter Include="소스 파일\Engine\Pipeline\5_Texture\Sampler">
      <UniqueIdentifier>{d5d1504c-6c36-4dd5-8c69-6c4ba4b14648}</UniqueIdentifier>
    </Filter>
    <Filter Include="소스 파일\World">
      <UniqueIdentifier>{6c067bf6-d10b-4f88-818f-d5e6b1e21389}</UniqueIdentifier>
    </Filter>
    <Filter Include="소스 파일\World\Chunk">
      <UniqueIdentifier>{42a1b12b-847c-4e60-81e8-ba52cae5e09c}</UniqueIdentifier>
    </Filter>
    <Filter Include="소스 파일\World\Block">
      <UniqueIdentifier>{1c1212bc-c614-49e6-b2fa-0bc3653620c7}</UniqueIdentifier>
    </Filter>
    <Filter Include="소스 파일\World\WorldShaderFIle">
      <UniqueIdentifier>{e9ceb38c-5083-4ca9-ac73-2de4bff11fe8}</UniqueIdentifier>
    </Filter>
    <Filter Include="소스 파일\World\Noise">
      <UniqueIdentifier>{6f0ac322-30ef-458f-a540-cff2819a55ba}</UniqueIdentifier>
    </Filter>
    <Filter Include="소스 파일\World\Utils">
      <UniqueIdentifier>{14b21239-b4ba-4ea6-be9a-477e2f0b8ba9}</UniqueIdentifier>
    </Filter>
    <Filter Include="헤더 파일\etc">
      <UniqueIdentifier>{fe1ffa22-c76d-4dfb-9b0a-5ce31e97791e}</UniqueIdentifier>
    </Filter>
    <Filter Include="소스 파일\World\TestCam">
      <UniqueIdentifier>{1c81632f-c82d-418c-b2a8-b1a4e4a5cea0}</UniqueIdentifier>
    </Filter>
    <Filter Include="헤더 파일\Utils\WICTextureLoader">
      <UniqueIdentifier>{84562d8d-e3d2-48a6-aa82-609c84bc2068}</UniqueIdentifier>
    </Filter>
    <Filter Include="헤더 파일\Utils\SimpleMath">
      <UniqueIdentifier>{60c06e56-3714-4101-aae9-cf3e3f0320dc}</UniqueIdentifier>
    </Filter>
    <Filter Include="소스 파일\World\Map">
      <UniqueIdentifier>{7e7a0dc6-b5f2-44b0-b090-c9bcf401b95d}</UniqueIdentifier>
    </Filter>
    <Filter Include="소스 파일\World\Map\MapUtils">
      <UniqueIdentifier>{103abc11-a445-4c10-ada7-77038019557c}</UniqueIdentifier>
    </Filter>
    <Filter Include="소스 파일\World\Map\System">
      <UniqueIdentifier>{9272344e-7151-4d07-bb0e-90ccb5ca9cb6}</UniqueIdentifier>
    </Filter>
    <Filter Include="소스 파일\World\Map\System\LightSystem">
      <UniqueIdentifier>{d6c5ce7e-56c1-4ee7-a37e-d0ee40057f55}</UniqueIdentifier>
    </Filter>
    <Filter Include="소스 파일\World\Map\System\TerrainSystem">
      <UniqueIdentifier>{e9a43b52-258a-44b3-98c9-276d04167ab3}</UniqueIdentifier>
    </Filter>
    <Filter Include="소스 파일\World\Map\System\RenderSystem">
      <UniqueIdentifier>{11ebfda0-cf85-41ab-91e0-59d22b3d82dc}</UniqueIdentifier>
    </Filter>
    <Filter Include="소스 파일\World\WorldShaderFIle\DefferedShader">
      <UniqueIdentifier>{6272f0a6-5c5f-480d-9c2f-5bebc2bb704d}</UniqueIdentifier>
    </Filter>
    <Filter Include="소스 파일\World\WorldShaderFIle\DefferedShader\Geometry">
      <UniqueIdentifier>{e6077c36-ad56-402f-9396-6e0000106c1e}</UniqueIdentifier>
    </Filter>
    <Filter Include="소스 파일\World\WorldShaderFIle\DefferedShader\Shadow">
      <UniqueIdentifier>{3e527fc0-a097-4aed-82eb-a9e4f74b3880}</UniqueIdentifier>
    </Filter>
    <Filter Include="소스 파일\World\Map\System\RenderSystem\DeferredRender">
      <UniqueIdentifier>{103ef51b-849c-4ef5-baa2-63cb6bb5300f}</UniqueIdentifier>
    </Filter>
    <Filter Include="소스 파일\World\DeferredGraphic">
      <UniqueIdentifier>{ad67f954-44c5-402f-aa3d-e75ab747dac0}</UniqueIdentifier>
    </Filter>
    <Filter Include="소스 파일\World\WorldShaderFIle\DefferedShader\Ssao">
      <UniqueIdentifier>{0f92ee97-4ff7-4cb8-ac0b-18297c59ae61}</UniqueIdentifier>
    </Filter>
    <Filter Include="소스 파일\World\WorldShaderFIle\DefferedShader\Ssao\SsaoBlur">
      <UniqueIdentifier>{573bcc8b-3cfc-4c8c-9d6a-92a763c10702}</UniqueIdentifier>
    </Filter>
    <Filter Include="소스 파일\World\WorldShaderFIle\DefferedShader\SkyBox">
      <UniqueIdentifier>{ebdbaf69-4823-46af-ab1d-c4458fa5ab0a}</UniqueIdentifier>
    </Filter>
    <Filter Include="소스 파일\World\WorldShaderFIle\DefferedShader\SkyBox\SunMoon">
      <UniqueIdentifier>{84673491-15b9-4f7f-971a-256c0027b4a0}</UniqueIdentifier>
    </Filter>
    <Filter Include="소스 파일\Engine\Pipeline\3_Shader\ComputeShader">
      <UniqueIdentifier>{837fc306-591b-4d32-8205-e8d14a4a333d}</UniqueIdentifier>
    </Filter>
    <Filter Include="소스 파일\World\WorldShaderFIle\DefferedShader\SkyBox\SunMoon\Blur">
      <UniqueIdentifier>{c029516e-190c-459b-8d1e-2470b76b5844}</UniqueIdentifier>
    </Filter>
    <Filter Include="소스 파일\World\WorldShaderFIle\DefferedShader\SkyBox\SunMoon\Sampling">
      <UniqueIdentifier>{de5ed660-f4e0-4f1f-9b24-b59cc7644ddd}</UniqueIdentifier>
    </Filter>
    <Filter Include="소스 파일\World\WorldShaderFIle\DefferedShader\SkyBox\SunMoon\Object">
      <UniqueIdentifier>{b31d9d50-41bc-4b43-8a85-224d6e22bdf4}</UniqueIdentifier>
    </Filter>
    <Filter Include="소스 파일\World\WorldShaderFIle\DefferedShader\SkyBox\SunMoon\SemiCombine">
      <UniqueIdentifier>{2b02307e-1773-4c63-a3bc-e527da3ea666}</UniqueIdentifier>
    </Filter>
    <Filter Include="소스 파일\Engine\Pipeline\3_Shader\HullShader">
      <UniqueIdentifier>{0a7d9432-e6dc-4211-9999-329abd7aba9b}</UniqueIdentifier>
    </Filter>
    <Filter Include="소스 파일\Engine\Pipeline\3_Shader\DomainShader">
      <UniqueIdentifier>{06808725-e567-49bd-a468-fa57e9452d13}</UniqueIdentifier>
    </Filter>
    <Filter Include="소스 파일\World\WorldShaderFIle\DefferedShader\Geometry\GeoTess">
      <UniqueIdentifier>{2811ede9-fd6a-4b5d-a558-d55469912f0a}</UniqueIdentifier>
    </Filter>
    <Filter Include="소스 파일\World\WorldShaderFIle\DefferedShader\PBR">
      <UniqueIdentifier>{7dc24004-77e5-41ac-8256-f80323200823}</UniqueIdentifier>
    </Filter>
    <Filter Include="소스 파일\World\WorldShaderFIle\DefferedShader\Geometry\ParallaxMapping">
      <UniqueIdentifier>{d459ee3d-ead2-432d-92d2-0f0d51be6491}</UniqueIdentifier>
    </Filter>
    <Filter Include="소스 파일\Engine\Pipeline\0_Buffer\StructuredBuffer">
      <UniqueIdentifier>{8c408968-2bc7-42c6-811d-90b59bdd5d12}</UniqueIdentifier>
    </Filter>
    <Filter Include="소스 파일\Engine\Pipeline\0_Buffer\ConstantBuffer">
      <UniqueIdentifier>{b4494f66-dfb8-403f-b3b5-a713f28ab02b}</UniqueIdentifier>
    </Filter>
    <Filter Include="소스 파일\Engine\Pipeline\0_Buffer\BasicBuffer">
      <UniqueIdentifier>{c702dd58-f6cc-48d7-a5a4-77409ba8bde9}</UniqueIdentifier>
    </Filter>
    <Filter Include="소스 파일\Engine\Pipeline\0_Buffer\DepthBuffer">
      <UniqueIdentifier>{cdbc62f7-487a-48c0-99c6-605a26b8d5fc}</UniqueIdentifier>
    </Filter>
    <Filter Include="소스 파일\World\WorldShaderFIle\DefferedShader\Shadow\CSM">
      <UniqueIdentifier>{43dc920d-8ef8-4d8e-8b4e-315753faa866}</UniqueIdentifier>
    </Filter>
    <Filter Include="소스 파일\Engine\Pipeline\3_Shader\GeometryShader">
      <UniqueIdentifier>{6841dc83-faba-4430-b944-b7f3aebd5d6f}</UniqueIdentifier>
    </Filter>
    <Filter Include="소스 파일\World\WorldShaderFIle\DefferedShader\CaveShadow">
      <UniqueIdentifier>{89ffe001-d9ed-404a-a274-c265bf648884}</UniqueIdentifier>
    </Filter>
    <Filter Include="소스 파일\World\Chunk\WaterChunk">
      <UniqueIdentifier>{921ce0b1-8995-47ba-ac47-b7771cc38019}</UniqueIdentifier>
    </Filter>
    <Filter Include="소스 파일\World\WorldShaderFIle\OIT">
      <UniqueIdentifier>{5ca36f65-0d44-458d-83bb-f2a46cd8c0c7}</UniqueIdentifier>
    </Filter>
    <Filter Include="소스 파일\World\WorldShaderFIle\OIT\Transparent">
      <UniqueIdentifier>{fe30155d-9110-402d-9f0a-39e2b794735c}</UniqueIdentifier>
    </Filter>
    <Filter Include="소스 파일\World\WorldShaderFIle\OIT\Composite">
      <UniqueIdentifier>{4d6798c8-ba37-4dbe-abac-a2421de9f29b}</UniqueIdentifier>
    </Filter>
    <Filter Include="소스 파일\World\WorldShaderFIle\OIT\Water">
      <UniqueIdentifier>{be3cc555-209d-453d-b21a-a4a19db4866c}</UniqueIdentifier>
    </Filter>
    <Filter Include="소스 파일\World\Map\System\RenderSystem\OIT">
      <UniqueIdentifier>{6e14cdee-6457-4db5-af5c-a074fdb19319}</UniqueIdentifier>
    </Filter>
    <Filter Include="소스 파일\World\Map\System\RenderSystem\OIT\Transparent">
      <UniqueIdentifier>{620d4d18-e272-4efb-be56-b4b788edf429}</UniqueIdentifier>
    </Filter>
    <Filter Include="소스 파일\World\Map\System\RenderSystem\OIT\Composite">
      <UniqueIdentifier>{bcf1291a-33dd-4ab3-a5ac-508c86505a59}</UniqueIdentifier>
    </Filter>
    <Filter Include="소스 파일\World\Map\System\RenderSystem\OIT\Water">
      <UniqueIdentifier>{690145a1-c09a-4d00-9599-d2065155639c}</UniqueIdentifier>
    </Filter>
    <Filter Include="소스 파일\World\Chunk\TPBlock">
      <UniqueIdentifier>{74fc5d96-767b-4b26-b141-f1e597ab3b9c}</UniqueIdentifier>
    </Filter>
    <Filter Include="소스 파일\World\Map\System\TerrainSystem\SetCave">
      <UniqueIdentifier>{b3144500-5a59-48e3-ba59-088b6a460d18}</UniqueIdentifier>
    </Filter>
    <Filter Include="소스 파일\World\Map\System\TerrainSystem\SetTree">
      <UniqueIdentifier>{baeb9a16-8298-4647-8ee3-97d93f53c3db}</UniqueIdentifier>
    </Filter>
    <Filter Include="소스 파일\World\Map\System\TerrainSystem\SetWater">
      <UniqueIdentifier>{56d06d3f-28fb-47b7-b3bd-177861442724}</UniqueIdentifier>
    </Filter>
    <Filter Include="소스 파일\World\Map\System\TerrainSystem\Trees">
      <UniqueIdentifier>{563c4ee2-7e39-4144-92d0-ee22cfdf05f4}</UniqueIdentifier>
    </Filter>
    <Filter Include="소스 파일\World\WorldShaderFIle\OIT\Water\Reflection">
      <UniqueIdentifier>{e1480218-aa17-45a8-acf4-89c086c39070}</UniqueIdentifier>
    </Filter>
    <Filter Include="소스 파일\World\WorldShaderFIle\OIT\Water\Reflection\Cube">
      <UniqueIdentifier>{e5da4856-8fb0-41d3-9e53-51646291a5b3}</UniqueIdentifier>
    </Filter>
    <Filter Include="소스 파일\World\Map\System\RenderSystem\OIT\Water\WaterReflection">
      <UniqueIdentifier>{80edb7ee-da58-4954-b392-3aeb6cdf4627}</UniqueIdentifier>
    </Filter>
    <Filter Include="소스 파일\World\Map\System\RenderSystem\OIT\Water\WaterInit">
      <UniqueIdentifier>{f7778bd9-d3b1-4b5c-872a-01a21e5badb5}</UniqueIdentifier>
    </Filter>
    <Filter Include="소스 파일\World\WorldShaderFIle\OIT\Water\WaterInit">
      <UniqueIdentifier>{50a56646-c107-4b10-b60d-0d304e29300c}</UniqueIdentifier>
    </Filter>
    <Filter Include="소스 파일\World\Map\System\RenderSystem\DeferredRender\OpacityRender">
      <UniqueIdentifier>{669c3fe7-0add-416d-abf8-22f2c236bbae}</UniqueIdentifier>
    </Filter>
    <Filter Include="소스 파일\World\Map\System\RenderSystem\DeferredRender\OpacityRender\GeoRender">
      <UniqueIdentifier>{1c9a78b1-25c0-4e33-9e60-ca96cd93364b}</UniqueIdentifier>
    </Filter>
    <Filter Include="소스 파일\World\Map\System\RenderSystem\DeferredRender\OpacityRender\GeoRender\ParallaxMapping">
      <UniqueIdentifier>{8a2f8a74-16ea-4455-bc1f-780decb89bd9}</UniqueIdentifier>
    </Filter>
    <Filter Include="소스 파일\World\Map\System\RenderSystem\DeferredRender\OpacityRender\InputLayouts">
      <UniqueIdentifier>{8c0d1be0-0a0b-43af-bdb2-f69925e6ed2d}</UniqueIdentifier>
    </Filter>
    <Filter Include="소스 파일\World\Map\System\RenderSystem\DeferredRender\OpacityRender\PBR">
      <UniqueIdentifier>{7564cc85-f26a-4313-ac7f-c685f103946c}</UniqueIdentifier>
    </Filter>
    <Filter Include="소스 파일\World\Map\System\RenderSystem\DeferredRender\OpacityRender\ShadowRender">
      <UniqueIdentifier>{fabe4eb9-248b-4966-9f0b-18fc06c6f590}</UniqueIdentifier>
    </Filter>
    <Filter Include="소스 파일\World\Map\System\RenderSystem\DeferredRender\OpacityRender\ShadowRender\CSM">
      <UniqueIdentifier>{3e41ab42-dd83-4e85-8ccc-0554d3429f92}</UniqueIdentifier>
    </Filter>
    <Filter Include="소스 파일\World\Map\System\RenderSystem\DeferredRender\OpacityRender\ShadowRender\CaveShadow">
      <UniqueIdentifier>{ec7fefaf-83dd-4718-916c-0d82c8e1c447}</UniqueIdentifier>
    </Filter>
    <Filter Include="소스 파일\World\Map\System\RenderSystem\DeferredRender\OpacityRender\Ssao">
      <UniqueIdentifier>{d95aab1c-b673-4c45-bb16-9f1c30a2a7a2}</UniqueIdentifier>
    </Filter>
    <Filter Include="소스 파일\World\Map\System\RenderSystem\DeferredRender\OpacityRender\Ssao\SsaoBlur">
      <UniqueIdentifier>{239ac719-1e45-4ea0-a247-86c099614391}</UniqueIdentifier>
    </Filter>
    <Filter Include="소스 파일\World\Map\System\RenderSystem\DeferredRender\OpacityRender\Ssao\SsaoRender">
      <UniqueIdentifier>{5f8d742e-9b44-44d0-a478-1f1af9607434}</UniqueIdentifier>
    </Filter>
    <Filter Include="소스 파일\World\Map\System\RenderSystem\DeferredRender\OpacityRender\Wallpaper">
      <UniqueIdentifier>{f8af4932-3717-41a5-8222-88d01f6a2704}</UniqueIdentifier>
    </Filter>
    <Filter Include="소스 파일\World\Map\System\RenderSystem\DeferredRender\OpacityRender\Wallpaper\cubemap">
      <UniqueIdentifier>{a7973095-e4cd-42b1-8aad-66b44c0ef85e}</UniqueIdentifier>
    </Filter>
    <Filter Include="소스 파일\World\Map\System\RenderSystem\DeferredRender\OpacityRender\Wallpaper\SunMoon">
      <UniqueIdentifier>{f3759840-a3d6-410e-81b8-201f76e06ee7}</UniqueIdentifier>
    </Filter>
    <Filter Include="소스 파일\World\Map\System\RenderSystem\DeferredRender\OpacityRender\Wallpaper\SunMoon\Blur">
      <UniqueIdentifier>{a73a7cb9-6374-4627-875f-1cf9dcc2aa93}</UniqueIdentifier>
    </Filter>
    <Filter Include="소스 파일\World\Map\System\RenderSystem\DeferredRender\OpacityRender\Wallpaper\SunMoon\Object">
      <UniqueIdentifier>{1a447a19-1fe9-4202-810b-679cfa5da5a3}</UniqueIdentifier>
    </Filter>
    <Filter Include="소스 파일\World\Map\System\RenderSystem\DeferredRender\OpacityRender\Wallpaper\SunMoon\Object\Sun">
      <UniqueIdentifier>{61e1663b-8c1a-41b4-9d26-ada09a42569b}</UniqueIdentifier>
    </Filter>
    <Filter Include="소스 파일\World\WorldShaderFIle\OIT\Water\WaterRefraction">
      <UniqueIdentifier>{c813763a-bb42-4778-b638-5c0c6adadd17}</UniqueIdentifier>
    </Filter>
    <Filter Include="소스 파일\World\Map\System\RenderSystem\OIT\Water\WaterRefraction">
      <UniqueIdentifier>{747ec7eb-eb50-4bbe-a430-65991d329dd9}</UniqueIdentifier>
    </Filter>
    <Filter Include="소스 파일\World\Time">
      <UniqueIdentifier>{ecd6919a-52a5-4a8a-9d7c-3fde27f5d405}</UniqueIdentifier>
    </Filter>
    <Filter Include="소스 파일\World\WorldShaderFIle\OIT\Water\InWater">
      <UniqueIdentifier>{b295b086-6f7c-4e59-8983-8345a6ffe767}</UniqueIdentifier>
    </Filter>
    <Filter Include="소스 파일\Engine\Pipeline\3_Shader\EXEPath">
      <UniqueIdentifier>{9311e7ca-a7ac-4798-9dc2-c5a61fe2b5b4}</UniqueIdentifier>
    </Filter>
    <Filter Include="소스 파일\World\Entity">
      <UniqueIdentifier>{b96ef6ce-375a-44d2-8c2b-ae6887ff4009}</UniqueIdentifier>
    </Filter>
    <Filter Include="소스 파일\World\Entity\Character">
      <UniqueIdentifier>{5ab59b65-46ba-4f0c-98b7-9786b5da8bf3}</UniqueIdentifier>
    </Filter>
    <Filter Include="소스 파일\World\Entity\Collision">
      <UniqueIdentifier>{c0945eb1-afc7-47f8-b2fa-6aecc2c8f2ce}</UniqueIdentifier>
    </Filter>
    <Filter Include="소스 파일\World\Entity\Character\Head">
      <UniqueIdentifier>{eec8f7d4-3532-40fa-bf3a-4118c0b56ca9}</UniqueIdentifier>
    </Filter>
    <Filter Include="소스 파일\World\Entity\Character\Body">
      <UniqueIdentifier>{9f8ad431-f8b6-4471-be34-eb5d697bd549}</UniqueIdentifier>
    </Filter>
    <Filter Include="소스 파일\World\Entity\Character\Arms">
      <UniqueIdentifier>{2096952f-100f-420e-bc7d-663cd3f1a965}</UniqueIdentifier>
    </Filter>
    <Filter Include="소스 파일\World\Entity\Character\Arms\RightArm">
      <UniqueIdentifier>{a9ad3ca8-eaae-4289-a151-b8eb69eed934}</UniqueIdentifier>
    </Filter>
    <Filter Include="소스 파일\World\Entity\Character\Arms\LeftArm">
      <UniqueIdentifier>{46e3ce56-c0f5-4b30-a86a-27216a9374ab}</UniqueIdentifier>
    </Filter>
    <Filter Include="소스 파일\World\Entity\Character\Legs">
      <UniqueIdentifier>{2ab94d15-28d5-46c9-a4bb-7f036dcccfb6}</UniqueIdentifier>
    </Filter>
    <Filter Include="소스 파일\World\Entity\Character\Legs\RightLeg">
      <UniqueIdentifier>{277048a3-a46e-4f3a-aa5e-5309cfbd765f}</UniqueIdentifier>
    </Filter>
    <Filter Include="소스 파일\World\Entity\Character\Legs\LeftLeg">
      <UniqueIdentifier>{c6854f63-e40f-4743-a5b1-d934a7d06aed}</UniqueIdentifier>
    </Filter>
    <Filter Include="소스 파일\World\WorldShaderFIle\DefferedShader\Entity">
      <UniqueIdentifier>{fe9a8499-dfd7-4fda-abc3-8dcb3ea0241c}</UniqueIdentifier>
    </Filter>
    <Filter Include="소스 파일\World\Entity\Parts">
      <UniqueIdentifier>{7867e7e4-96e5-429b-a3c5-4085d80ff433}</UniqueIdentifier>
    </Filter>
    <Filter Include="소스 파일\World\WorldShaderFIle\DefferedShader\Character">
      <UniqueIdentifier>{0e08c997-d14b-45bc-990d-5f50642f92ee}</UniqueIdentifier>
    </Filter>
    <Filter Include="소스 파일\World\Entity\Collision\CollisionUtils">
      <UniqueIdentifier>{6375eafc-8812-4d6f-a04e-3659f0b55bfa}</UniqueIdentifier>
    </Filter>
    <Filter Include="소스 파일\CompositeRenderer">
      <UniqueIdentifier>{f9fe6986-f538-4105-a1ec-b49f3d093091}</UniqueIdentifier>
    </Filter>
    <Filter Include="소스 파일\CompositeRenderer\CompositeShader">
      <UniqueIdentifier>{b809711c-3283-4a6a-84ea-d3c8c5e2d064}</UniqueIdentifier>
    </Filter>
    <Filter Include="소스 파일\GUI">
      <UniqueIdentifier>{5a17be71-a516-4522-a0e5-4eb385d97054}</UniqueIdentifier>
    </Filter>
    <Filter Include="소스 파일\GUI\Items">
      <UniqueIdentifier>{4e27c9ae-d0b1-4c1f-9995-ca99fa79ee54}</UniqueIdentifier>
    </Filter>
    <Filter Include="소스 파일\GUI\Items\Opacity">
      <UniqueIdentifier>{70d92854-c4ab-4673-822a-1d14c9761124}</UniqueIdentifier>
    </Filter>
    <Filter Include="소스 파일\GUI\Items\Transparent">
      <UniqueIdentifier>{36a4f9de-1c54-4f5a-90db-713219c582cb}</UniqueIdentifier>
    </Filter>
    <Filter Include="소스 파일\GUI\GUIResources">
      <UniqueIdentifier>{430cd8ee-67d5-4811-9653-da9a811c4f5b}</UniqueIdentifier>
    </Filter>
    <Filter Include="소스 파일\GUI\GUIRender">
      <UniqueIdentifier>{a36e1f43-1e2f-4e17-a598-38430bc31db5}</UniqueIdentifier>
    </Filter>
    <Filter Include="소스 파일\GUI\GUIshader">
      <UniqueIdentifier>{9c21d6b2-179f-448c-8428-6dfd2a49f8e0}</UniqueIdentifier>
    </Filter>
    <Filter Include="소스 파일\GUI\Inventory">
      <UniqueIdentifier>{e311b459-39a1-43ed-b281-3791595e88a9}</UniqueIdentifier>
    </Filter>
    <Filter Include="소스 파일\GUI\TabItems">
      <UniqueIdentifier>{fb2bb4db-76e9-447f-be24-72a9d747bf9e}</UniqueIdentifier>
    </Filter>
    <Filter Include="소스 파일\GUI\Inventory\InventoryShader">
      <UniqueIdentifier>{4d2cea04-07ff-49a9-8a0b-0ca0e5e5c831}</UniqueIdentifier>
    </Filter>
    <Filter Include="소스 파일\GUI\TabItems\TabItemsShader">
      <UniqueIdentifier>{544f5c16-4563-466f-970e-6262937dbf2c}</UniqueIdentifier>
    </Filter>
    <Filter Include="소스 파일\StartScene">
      <UniqueIdentifier>{b1cc1138-bb41-4f53-80e2-e59f94aafd49}</UniqueIdentifier>
    </Filter>
    <Filter Include="소스 파일\StartScene\StartSceneShader">
      <UniqueIdentifier>{3f5e0fd9-957f-4f67-821e-ebac705c9129}</UniqueIdentifier>
    </Filter>
    <Filter Include="소스 파일\StartScene\Letter">
      <UniqueIdentifier>{47a7ad9d-47cb-4c8c-8d7e-07155b721aec}</UniqueIdentifier>
    </Filter>
    <Filter Include="소스 파일\BlockTextureArray">
      <UniqueIdentifier>{19c58998-f65d-4d68-9ec0-b38859054d8a}</UniqueIdentifier>
    </Filter>
    <Filter Include="소스 파일\Fmod">
      <UniqueIdentifier>{6c815ec0-03a8-4948-9f90-612ae182d154}</UniqueIdentifier>
    </Filter>
    <Filter Include="헤더 파일\Utils\JSON">
      <UniqueIdentifier>{34d55ac7-6d03-40e7-9a42-2c8b9a15fc51}</UniqueIdentifier>
    </Filter>
    <Filter Include="리소스 파일\Sound">
      <UniqueIdentifier>{8731cff7-e98c-49ee-8fad-58454662f108}</UniqueIdentifier>
    </Filter>
    <Filter Include="리소스 파일\file">
      <UniqueIdentifier>{6d9e75a4-98d0-4548-833d-7c67952ced9b}</UniqueIdentifier>
    </Filter>
    <Filter Include="헤더 파일\Utils\stb_image">
      <UniqueIdentifier>{fdad2319-76db-48df-b2fd-c07980d7cafc}</UniqueIdentifier>
    </Filter>
  </ItemGroup>
  <ItemGroup>
    <ClInclude Include="pch.h">
      <Filter>헤더 파일</Filter>
    </ClInclude>
    <ClInclude Include="InputLayout.h">
      <Filter>소스 파일\Engine\Pipeline\1_InputAssembler</Filter>
    </ClInclude>
    <ClInclude Include="VertexShader.h">
      <Filter>소스 파일\Engine\Pipeline\3_Shader\VertexShader</Filter>
    </ClInclude>
    <ClInclude Include="PixelShader.h">
      <Filter>소스 파일\Engine\Pipeline\3_Shader\PixelShader</Filter>
    </ClInclude>
    <ClInclude Include="Texture.h">
      <Filter>소스 파일\Engine\Pipeline\5_Texture\Texture</Filter>
    </ClInclude>
    <ClInclude Include="SamplerState.h">
      <Filter>소스 파일\Engine\Pipeline\5_Texture\Sampler</Filter>
    </ClInclude>
    <ClInclude Include="BlendState.h">
      <Filter>소스 파일\Engine\Pipeline\4_OutputMerger\BlendState</Filter>
    </ClInclude>
    <ClInclude Include="Graphics.h">
      <Filter>소스 파일\Engine\Graphic</Filter>
    </ClInclude>
    <ClInclude Include="RasterizerState.h">
      <Filter>소스 파일\Engine\Pipeline\2_Rasterizer</Filter>
    </ClInclude>
    <ClInclude Include="Chunk.h">
      <Filter>소스 파일\World\Chunk</Filter>
    </ClInclude>
    <ClInclude Include="Terrain.h">
      <Filter>소스 파일\World</Filter>
    </ClInclude>
    <ClInclude Include="TextureArray.h">
      <Filter>소스 파일\Engine\Pipeline\5_Texture\Texture</Filter>
    </ClInclude>
    <ClInclude Include="PerlinNoise.h">
      <Filter>소스 파일\World\Noise</Filter>
    </ClInclude>
    <ClInclude Include="WorldUtils.h">
      <Filter>소스 파일\World\Utils</Filter>
    </ClInclude>
    <ClInclude Include="framework.h">
      <Filter>헤더 파일\etc</Filter>
    </ClInclude>
    <ClInclude Include="Resource.h">
      <Filter>헤더 파일\etc</Filter>
    </ClInclude>
    <ClInclude Include="scop.h">
      <Filter>헤더 파일\etc</Filter>
    </ClInclude>
    <ClInclude Include="targetver.h">
      <Filter>헤더 파일\etc</Filter>
    </ClInclude>
    <ClInclude Include="TestCam.h">
      <Filter>소스 파일\World\TestCam</Filter>
    </ClInclude>
    <ClInclude Include="SimpleMath.h">
      <Filter>헤더 파일\Utils\SimpleMath</Filter>
    </ClInclude>
    <ClInclude Include="WICTextureLoader11.h">
      <Filter>헤더 파일\Utils\WICTextureLoader</Filter>
    </ClInclude>
    <ClInclude Include="Block.h">
      <Filter>소스 파일\World\Block</Filter>
    </ClInclude>
    <ClInclude Include="Map.h">
      <Filter>소스 파일\World\Map</Filter>
    </ClInclude>
    <ClInclude Include="MapUtils.h">
      <Filter>소스 파일\World\Map\MapUtils</Filter>
    </ClInclude>
    <ClInclude Include="LightSystem.h">
      <Filter>소스 파일\World\Map\System\LightSystem</Filter>
    </ClInclude>
    <ClInclude Include="TerrainSystem.h">
      <Filter>소스 파일\World\Map\System\TerrainSystem</Filter>
    </ClInclude>
    <ClInclude Include="InputLayouts.h">
      <Filter>소스 파일\World\Map\System\RenderSystem\DeferredRender\OpacityRender\InputLayouts</Filter>
    </ClInclude>
    <ClInclude Include="DeferredGraphics.h">
      <Filter>소스 파일\World\DeferredGraphic</Filter>
    </ClInclude>
    <ClInclude Include="DeferredRendering.h">
      <Filter>소스 파일\World\Map\System\RenderSystem\DeferredRender</Filter>
    </ClInclude>
    <ClInclude Include="GeoRender.h">
      <Filter>소스 파일\World\Map\System\RenderSystem\DeferredRender\OpacityRender\GeoRender</Filter>
    </ClInclude>
    <ClInclude Include="ShadowRender.h">
      <Filter>소스 파일\World\Map\System\RenderSystem\DeferredRender\OpacityRender\ShadowRender</Filter>
    </ClInclude>
    <ClInclude Include="RenderSystem.h">
      <Filter>소스 파일\World\Map\System\RenderSystem</Filter>
    </ClInclude>
    <ClInclude Include="DeferredBuffer.h">
      <Filter>소스 파일\World\DeferredGraphic</Filter>
    </ClInclude>
    <ClInclude Include="MathHelper.h">
      <Filter>소스 파일\World\Utils</Filter>
    </ClInclude>
    <ClInclude Include="SsaoBlur.h">
      <Filter>소스 파일\World\Map\System\RenderSystem\DeferredRender\OpacityRender\Ssao\SsaoBlur</Filter>
    </ClInclude>
    <ClInclude Include="SsaoRender.h">
      <Filter>소스 파일\World\Map\System\RenderSystem\DeferredRender\OpacityRender\Ssao\SsaoRender</Filter>
    </ClInclude>
    <ClInclude Include="CubeMap.h">
      <Filter>소스 파일\World\Map\System\RenderSystem\DeferredRender\OpacityRender\Wallpaper\cubemap</Filter>
    </ClInclude>
    <ClInclude Include="Sun.h">
      <Filter>소스 파일\World\Map\System\RenderSystem\DeferredRender\OpacityRender\Wallpaper\SunMoon\Object\Sun</Filter>
    </ClInclude>
    <ClInclude Include="Blur.h">
      <Filter>소스 파일\World\Map\System\RenderSystem\DeferredRender\OpacityRender\Wallpaper\SunMoon\Blur</Filter>
    </ClInclude>
    <ClInclude Include="ComputeShader.h">
      <Filter>소스 파일\Engine\Pipeline\3_Shader\ComputeShader</Filter>
    </ClInclude>
    <ClInclude Include="Filter.h">
      <Filter>소스 파일\World\Map\System\RenderSystem\DeferredRender\OpacityRender\Wallpaper\SunMoon\Blur</Filter>
    </ClInclude>
    <ClInclude Include="SunMoon.h">
      <Filter>소스 파일\World\Map\System\RenderSystem\DeferredRender\OpacityRender\Wallpaper\SunMoon\Object</Filter>
    </ClInclude>
    <ClInclude Include="ResultSM.h">
      <Filter>소스 파일\World\Map\System\RenderSystem\DeferredRender\OpacityRender\Wallpaper\SunMoon</Filter>
    </ClInclude>
    <ClInclude Include="Wallpaper.h">
      <Filter>소스 파일\World\Map\System\RenderSystem\DeferredRender\OpacityRender\Wallpaper</Filter>
    </ClInclude>
    <ClInclude Include="HullShader.h">
      <Filter>소스 파일\Engine\Pipeline\3_Shader\HullShader</Filter>
    </ClInclude>
    <ClInclude Include="DomainShader.h">
      <Filter>소스 파일\Engine\Pipeline\3_Shader\DomainShader</Filter>
    </ClInclude>
    <ClInclude Include="PBR.h">
      <Filter>소스 파일\World\Map\System\RenderSystem\DeferredRender\OpacityRender\PBR</Filter>
    </ClInclude>
    <ClInclude Include="ParallaxMapping.h">
      <Filter>소스 파일\World\Map\System\RenderSystem\DeferredRender\OpacityRender\GeoRender\ParallaxMapping</Filter>
    </ClInclude>
    <ClInclude Include="CascadeShadow.h">
      <Filter>소스 파일\World\Map\System\RenderSystem\DeferredRender\OpacityRender\ShadowRender\CSM</Filter>
    </ClInclude>
    <ClInclude Include="ConstantBuffer.h">
      <Filter>소스 파일\Engine\Pipeline\0_Buffer\ConstantBuffer</Filter>
    </ClInclude>
    <ClInclude Include="Buffer.h">
      <Filter>소스 파일\Engine\Pipeline\0_Buffer\BasicBuffer</Filter>
    </ClInclude>
    <ClInclude Include="StructuredBuffer.h">
      <Filter>소스 파일\Engine\Pipeline\0_Buffer\StructuredBuffer</Filter>
    </ClInclude>
    <ClInclude Include="DepthMap.h">
      <Filter>소스 파일\Engine\Pipeline\0_Buffer\DepthBuffer</Filter>
    </ClInclude>
    <ClInclude Include="GeometryShader.h">
      <Filter>소스 파일\Engine\Pipeline\3_Shader\GeometryShader</Filter>
    </ClInclude>
    <ClInclude Include="CaveShadow.h">
      <Filter>소스 파일\World\Map\System\RenderSystem\DeferredRender\OpacityRender\ShadowRender\CaveShadow</Filter>
    </ClInclude>
    <ClInclude Include="Trees.h">
      <Filter>소스 파일\World\Map\System\TerrainSystem\Trees</Filter>
    </ClInclude>
    <ClInclude Include="OIT.h">
      <Filter>소스 파일\World\Map\System\RenderSystem\OIT</Filter>
    </ClInclude>
    <ClInclude Include="Transparent.h">
      <Filter>소스 파일\World\Map\System\RenderSystem\OIT\Transparent</Filter>
    </ClInclude>
    <ClInclude Include="Composite.h">
      <Filter>소스 파일\World\Map\System\RenderSystem\OIT\Composite</Filter>
    </ClInclude>
    <ClInclude Include="Water.h">
      <Filter>소스 파일\World\Map\System\RenderSystem\OIT\Water</Filter>
    </ClInclude>
    <ClInclude Include="TPChunk.h">
      <Filter>소스 파일\World\Chunk\TPBlock</Filter>
    </ClInclude>
    <ClInclude Include="WaterChunk.h">
      <Filter>소스 파일\World\Chunk\WaterChunk</Filter>
    </ClInclude>
    <ClInclude Include="SetWater.h">
      <Filter>소스 파일\World\Map\System\TerrainSystem\SetWater</Filter>
    </ClInclude>
    <ClInclude Include="SetTree.h">
      <Filter>소스 파일\World\Map\System\TerrainSystem\SetTree</Filter>
    </ClInclude>
    <ClInclude Include="SetCave.h">
      <Filter>소스 파일\World\Map\System\TerrainSystem\SetCave</Filter>
    </ClInclude>
    <ClInclude Include="WaterReflection.h">
      <Filter>소스 파일\World\Map\System\RenderSystem\OIT\Water\WaterReflection</Filter>
    </ClInclude>
    <ClInclude Include="WaterInit.h">
      <Filter>소스 파일\World\Map\System\RenderSystem\OIT\Water\WaterInit</Filter>
    </ClInclude>
    <ClInclude Include="TestRender.h">
      <Filter>헤더 파일</Filter>
    </ClInclude>
    <ClInclude Include="OpacityRender.h">
      <Filter>소스 파일\World\Map\System\RenderSystem\DeferredRender\OpacityRender</Filter>
    </ClInclude>
    <ClInclude Include="WaterRefraction.h">
      <Filter>소스 파일\World\Map\System\RenderSystem\OIT\Water\WaterRefraction</Filter>
    </ClInclude>
    <ClInclude Include="Time.h">
      <Filter>소스 파일\World\Time</Filter>
    </ClInclude>
    <ClInclude Include="EXEPath.h">
      <Filter>소스 파일\Engine\Pipeline\3_Shader\EXEPath</Filter>
    </ClInclude>
    <ClInclude Include="Entity.h">
      <Filter>소스 파일\World\Entity</Filter>
    </ClInclude>
    <ClInclude Include="Character.h">
      <Filter>소스 파일\World\Entity\Character</Filter>
    </ClInclude>
    <ClInclude Include="Head.h">
      <Filter>소스 파일\World\Entity\Character\Head</Filter>
    </ClInclude>
    <ClInclude Include="Body.h">
      <Filter>소스 파일\World\Entity\Character\Body</Filter>
    </ClInclude>
    <ClInclude Include="LeftArm.h">
      <Filter>소스 파일\World\Entity\Character\Arms\LeftArm</Filter>
    </ClInclude>
    <ClInclude Include="RightArm.h">
      <Filter>소스 파일\World\Entity\Character\Arms\RightArm</Filter>
    </ClInclude>
    <ClInclude Include="LeftLeg.h">
      <Filter>소스 파일\World\Entity\Character\Legs\LeftLeg</Filter>
    </ClInclude>
    <ClInclude Include="RightLeg.h">
      <Filter>소스 파일\World\Entity\Character\Legs\RightLeg</Filter>
    </ClInclude>
    <ClInclude Include="Parts.h">
      <Filter>소스 파일\World\Entity\Parts</Filter>
    </ClInclude>
    <ClInclude Include="Collision.h">
      <Filter>소스 파일\World\Entity\Collision</Filter>
    </ClInclude>
    <ClInclude Include="CollisionUtils.h">
      <Filter>소스 파일\World\Entity\Collision\CollisionUtils</Filter>
    </ClInclude>
    <ClInclude Include="SweptAABB.h">
      <Filter>소스 파일\World\Entity\Collision\CollisionUtils</Filter>
    </ClInclude>
    <ClInclude Include="CompositeRenderer.h">
      <Filter>소스 파일\CompositeRenderer</Filter>
    </ClInclude>
    <ClInclude Include="OBlockItem.h">
      <Filter>소스 파일\GUI\Items\Opacity</Filter>
    </ClInclude>
    <ClInclude Include="TBlockItem.h">
      <Filter>소스 파일\GUI\Items\Transparent</Filter>
    </ClInclude>
    <ClInclude Include="GUI.h">
      <Filter>소스 파일\GUI</Filter>
    </ClInclude>
    <ClInclude Include="GUIResources.h">
      <Filter>소스 파일\GUI\GUIResources</Filter>
    </ClInclude>
    <ClInclude Include="GUIRender.h">
      <Filter>소스 파일\GUI\GUIRender</Filter>
    </ClInclude>
    <ClInclude Include="GUIManager.h">
      <Filter>소스 파일\GUI</Filter>
    </ClInclude>
    <ClInclude Include="Inventory.h">
      <Filter>소스 파일\GUI\Inventory</Filter>
    </ClInclude>
    <ClInclude Include="BlockItem.h">
      <Filter>소스 파일\GUI\Items</Filter>
    </ClInclude>
    <ClInclude Include="TabItems.h">
      <Filter>소스 파일\GUI\TabItems</Filter>
    </ClInclude>
    <ClInclude Include="StartScene.h">
      <Filter>소스 파일\StartScene</Filter>
    </ClInclude>
    <ClInclude Include="Letter.h">
      <Filter>소스 파일\StartScene\Letter</Filter>
    </ClInclude>
    <ClInclude Include="BlockTextureArray.h">
      <Filter>소스 파일\BlockTextureArray</Filter>
    </ClInclude>
    <ClInclude Include="FmodSound.h">
      <Filter>소스 파일\Fmod</Filter>
    </ClInclude>
    <ClInclude Include="json.hpp">
      <Filter>헤더 파일\Utils\JSON</Filter>
    </ClInclude>
    <ClInclude Include="stb_image.h">
      <Filter>헤더 파일\Utils\stb_image</Filter>
    </ClInclude>
    <ClInclude Include="stb_image_write.h">
      <Filter>헤더 파일\Utils\stb_image</Filter>
    </ClInclude>
  </ItemGroup>
  <ItemGroup>
    <ClCompile Include="main.cpp">
      <Filter>소스 파일</Filter>
    </ClCompile>
    <ClCompile Include="pch.cpp">
      <Filter>소스 파일</Filter>
    </ClCompile>
    <ClCompile Include="InputLayout.cpp">
      <Filter>소스 파일\Engine\Pipeline\1_InputAssembler</Filter>
    </ClCompile>
    <ClCompile Include="VertexShader.cpp">
      <Filter>소스 파일\Engine\Pipeline\3_Shader\VertexShader</Filter>
    </ClCompile>
    <ClCompile Include="PixelShader.cpp">
      <Filter>소스 파일\Engine\Pipeline\3_Shader\PixelShader</Filter>
    </ClCompile>
    <ClCompile Include="Texture.cpp">
      <Filter>소스 파일\Engine\Pipeline\5_Texture\Texture</Filter>
    </ClCompile>
    <ClCompile Include="SamplerState.cpp">
      <Filter>소스 파일\Engine\Pipeline\5_Texture\Sampler</Filter>
    </ClCompile>
    <ClCompile Include="BlendState.cpp">
      <Filter>소스 파일\Engine\Pipeline\4_OutputMerger\BlendState</Filter>
    </ClCompile>
    <ClCompile Include="Graphics.cpp">
      <Filter>소스 파일\Engine\Graphic</Filter>
    </ClCompile>
    <ClCompile Include="RasterizerState.cpp">
      <Filter>소스 파일\Engine\Pipeline\2_Rasterizer</Filter>
    </ClCompile>
    <ClCompile Include="Chunk.cpp">
      <Filter>소스 파일\World\Chunk</Filter>
    </ClCompile>
    <ClCompile Include="Block.cpp">
      <Filter>소스 파일\World\Block</Filter>
    </ClCompile>
    <ClCompile Include="Terrain.cpp">
      <Filter>소스 파일\World</Filter>
    </ClCompile>
    <ClCompile Include="TextureArray.cpp">
      <Filter>소스 파일\Engine\Pipeline\5_Texture\Texture</Filter>
    </ClCompile>
    <ClCompile Include="PerlinNoise.cpp">
      <Filter>소스 파일\World\Noise</Filter>
    </ClCompile>
    <ClCompile Include="WorldUtils.cpp">
      <Filter>소스 파일\World\Utils</Filter>
    </ClCompile>
    <ClCompile Include="TestCam.cpp">
      <Filter>소스 파일\World\TestCam</Filter>
    </ClCompile>
    <ClCompile Include="SimpleMath.cpp">
      <Filter>헤더 파일\Utils\SimpleMath</Filter>
    </ClCompile>
    <ClCompile Include="WICTextureLoader11.cpp">
      <Filter>헤더 파일\Utils\WICTextureLoader</Filter>
    </ClCompile>
    <ClCompile Include="Map.cpp">
      <Filter>소스 파일\World\Map</Filter>
    </ClCompile>
    <ClCompile Include="MapUtils.cpp">
      <Filter>소스 파일\World\Map\MapUtils</Filter>
    </ClCompile>
    <ClCompile Include="LightSystem.cpp">
      <Filter>소스 파일\World\Map\System\LightSystem</Filter>
    </ClCompile>
    <ClCompile Include="TerrainSystem.cpp">
      <Filter>소스 파일\World\Map\System\TerrainSystem</Filter>
    </ClCompile>
    <ClCompile Include="InputLayouts.cpp">
      <Filter>소스 파일\World\Map\System\RenderSystem\DeferredRender\OpacityRender\InputLayouts</Filter>
    </ClCompile>
    <ClCompile Include="DeferredGraphics.cpp">
      <Filter>소스 파일\World\DeferredGraphic</Filter>
    </ClCompile>
    <ClCompile Include="DeferredRendering.cpp">
      <Filter>소스 파일\World\Map\System\RenderSystem\DeferredRender</Filter>
    </ClCompile>
    <ClCompile Include="GeoRender.cpp">
      <Filter>소스 파일\World\Map\System\RenderSystem\DeferredRender\OpacityRender\GeoRender</Filter>
    </ClCompile>
    <ClCompile Include="ShadowRender.cpp">
      <Filter>소스 파일\World\Map\System\RenderSystem\DeferredRender\OpacityRender\ShadowRender</Filter>
    </ClCompile>
    <ClCompile Include="RenderSystem.cpp">
      <Filter>소스 파일\World\Map\System\RenderSystem</Filter>
    </ClCompile>
    <ClCompile Include="DeferredBuffer.cpp">
      <Filter>소스 파일\World\DeferredGraphic</Filter>
    </ClCompile>
    <ClCompile Include="MathHelper.cpp">
      <Filter>소스 파일\World\Utils</Filter>
    </ClCompile>
    <ClCompile Include="SsaoBlur.cpp">
      <Filter>소스 파일\World\Map\System\RenderSystem\DeferredRender\OpacityRender\Ssao\SsaoBlur</Filter>
    </ClCompile>
    <ClCompile Include="SsaoRender.cpp">
      <Filter>소스 파일\World\Map\System\RenderSystem\DeferredRender\OpacityRender\Ssao\SsaoRender</Filter>
    </ClCompile>
    <ClCompile Include="CubeMap.cpp">
      <Filter>소스 파일\World\Map\System\RenderSystem\DeferredRender\OpacityRender\Wallpaper\cubemap</Filter>
    </ClCompile>
    <ClCompile Include="Sun.cpp">
      <Filter>소스 파일\World\Map\System\RenderSystem\DeferredRender\OpacityRender\Wallpaper\SunMoon\Object\Sun</Filter>
    </ClCompile>
    <ClCompile Include="Blur.cpp">
      <Filter>소스 파일\World\Map\System\RenderSystem\DeferredRender\OpacityRender\Wallpaper\SunMoon\Blur</Filter>
    </ClCompile>
    <ClCompile Include="ComputeShader.cpp">
      <Filter>소스 파일\Engine\Pipeline\3_Shader\ComputeShader</Filter>
    </ClCompile>
    <ClCompile Include="Filter.cpp">
      <Filter>소스 파일\World\Map\System\RenderSystem\DeferredRender\OpacityRender\Wallpaper\SunMoon\Blur</Filter>
    </ClCompile>
    <ClCompile Include="ResultSM.cpp">
      <Filter>소스 파일\World\Map\System\RenderSystem\DeferredRender\OpacityRender\Wallpaper\SunMoon</Filter>
    </ClCompile>
    <ClCompile Include="SunMoon.cpp">
      <Filter>소스 파일\World\Map\System\RenderSystem\DeferredRender\OpacityRender\Wallpaper\SunMoon\Object</Filter>
    </ClCompile>
    <ClCompile Include="Wallpaper.cpp">
      <Filter>소스 파일\World\Map\System\RenderSystem\DeferredRender\OpacityRender\Wallpaper</Filter>
    </ClCompile>
    <ClCompile Include="HullShader.cpp">
      <Filter>소스 파일\Engine\Pipeline\3_Shader\HullShader</Filter>
    </ClCompile>
    <ClCompile Include="DomainShader.cpp">
      <Filter>소스 파일\Engine\Pipeline\3_Shader\DomainShader</Filter>
    </ClCompile>
    <ClCompile Include="PBR.cpp">
      <Filter>소스 파일\World\Map\System\RenderSystem\DeferredRender\OpacityRender\PBR</Filter>
    </ClCompile>
    <ClCompile Include="ParallaxMapping.cpp">
      <Filter>소스 파일\World\Map\System\RenderSystem\DeferredRender\OpacityRender\GeoRender\ParallaxMapping</Filter>
    </ClCompile>
    <ClCompile Include="CascadeShadow.cpp">
      <Filter>소스 파일\World\Map\System\RenderSystem\DeferredRender\OpacityRender\ShadowRender\CSM</Filter>
    </ClCompile>
    <ClCompile Include="ConstantBuffer.cpp">
      <Filter>소스 파일\Engine\Pipeline\0_Buffer\ConstantBuffer</Filter>
    </ClCompile>
    <ClCompile Include="Buffer.cpp">
      <Filter>소스 파일\Engine\Pipeline\0_Buffer\BasicBuffer</Filter>
    </ClCompile>
    <ClCompile Include="StructuredBuffer.cpp">
      <Filter>소스 파일\Engine\Pipeline\0_Buffer\StructuredBuffer</Filter>
    </ClCompile>
    <ClCompile Include="DepthMap.cpp">
      <Filter>소스 파일\Engine\Pipeline\0_Buffer\DepthBuffer</Filter>
    </ClCompile>
    <ClCompile Include="GeometryShader.cpp">
      <Filter>소스 파일\Engine\Pipeline\3_Shader\GeometryShader</Filter>
    </ClCompile>
    <ClCompile Include="CaveShadow.cpp">
      <Filter>소스 파일\World\Map\System\RenderSystem\DeferredRender\OpacityRender\ShadowRender\CaveShadow</Filter>
    </ClCompile>
    <ClCompile Include="Trees.cpp">
      <Filter>소스 파일\World\Map\System\TerrainSystem\Trees</Filter>
    </ClCompile>
    <ClCompile Include="OIT.cpp">
      <Filter>소스 파일\World\Map\System\RenderSystem\OIT</Filter>
    </ClCompile>
    <ClCompile Include="Transparent.cpp">
      <Filter>소스 파일\World\Map\System\RenderSystem\OIT\Transparent</Filter>
    </ClCompile>
    <ClCompile Include="Composite.cpp">
      <Filter>소스 파일\World\Map\System\RenderSystem\OIT\Composite</Filter>
    </ClCompile>
    <ClCompile Include="Water.cpp">
      <Filter>소스 파일\World\Map\System\RenderSystem\OIT\Water</Filter>
    </ClCompile>
    <ClCompile Include="TPChunk.cpp">
      <Filter>소스 파일\World\Chunk\TPBlock</Filter>
    </ClCompile>
    <ClCompile Include="WaterChunk.cpp">
      <Filter>소스 파일\World\Chunk\WaterChunk</Filter>
    </ClCompile>
    <ClCompile Include="SetWater.cpp">
      <Filter>소스 파일\World\Map\System\TerrainSystem\SetWater</Filter>
    </ClCompile>
    <ClCompile Include="SetTree.cpp">
      <Filter>소스 파일\World\Map\System\TerrainSystem\SetTree</Filter>
    </ClCompile>
    <ClCompile Include="SetCave.cpp">
      <Filter>소스 파일\World\Map\System\TerrainSystem\SetCave</Filter>
    </ClCompile>
    <ClCompile Include="WaterReflection.cpp">
      <Filter>소스 파일\World\Map\System\RenderSystem\OIT\Water\WaterReflection</Filter>
    </ClCompile>
    <ClCompile Include="WaterInit.cpp">
      <Filter>소스 파일\World\Map\System\RenderSystem\OIT\Water\WaterInit</Filter>
    </ClCompile>
    <ClCompile Include="TestRender.cpp">
      <Filter>소스 파일</Filter>
    </ClCompile>
    <ClCompile Include="OpacityRender.cpp">
      <Filter>소스 파일\World\Map\System\RenderSystem\DeferredRender\OpacityRender</Filter>
    </ClCompile>
    <ClCompile Include="WaterRefraction.cpp">
      <Filter>소스 파일\World\Map\System\RenderSystem\OIT\Water\WaterRefraction</Filter>
    </ClCompile>
    <ClCompile Include="Time.cpp">
      <Filter>소스 파일\World\Time</Filter>
    </ClCompile>
    <ClCompile Include="EXEPath.cpp">
      <Filter>소스 파일\Engine\Pipeline\3_Shader\EXEPath</Filter>
    </ClCompile>
    <ClCompile Include="Entity.cpp">
      <Filter>소스 파일\World\Entity</Filter>
    </ClCompile>
    <ClCompile Include="Character.cpp">
      <Filter>소스 파일\World\Entity\Character</Filter>
    </ClCompile>
    <ClCompile Include="Head.cpp">
      <Filter>소스 파일\World\Entity\Character\Head</Filter>
    </ClCompile>
    <ClCompile Include="Body.cpp">
      <Filter>소스 파일\World\Entity\Character\Body</Filter>
    </ClCompile>
    <ClCompile Include="LeftArm.cpp">
      <Filter>소스 파일\World\Entity\Character\Arms\LeftArm</Filter>
    </ClCompile>
    <ClCompile Include="RightArm.cpp">
      <Filter>소스 파일\World\Entity\Character\Arms\RightArm</Filter>
    </ClCompile>
    <ClCompile Include="LeftLeg.cpp">
      <Filter>소스 파일\World\Entity\Character\Legs\LeftLeg</Filter>
    </ClCompile>
    <ClCompile Include="RightLeg.cpp">
      <Filter>소스 파일\World\Entity\Character\Legs\RightLeg</Filter>
    </ClCompile>
    <ClCompile Include="Parts.cpp">
      <Filter>소스 파일\World\Entity\Parts</Filter>
    </ClCompile>
    <ClCompile Include="Collision.cpp">
      <Filter>소스 파일\World\Entity\Collision</Filter>
    </ClCompile>
    <ClCompile Include="CollisionUtils.cpp">
      <Filter>소스 파일\World\Entity\Collision\CollisionUtils</Filter>
    </ClCompile>
    <ClCompile Include="SweptAABB.cpp">
      <Filter>소스 파일\World\Entity\Collision\CollisionUtils</Filter>
    </ClCompile>
    <ClCompile Include="CompositeRenderer.cpp">
      <Filter>소스 파일\CompositeRenderer</Filter>
    </ClCompile>
    <ClCompile Include="OBlockItem.cpp">
      <Filter>소스 파일\GUI\Items\Opacity</Filter>
    </ClCompile>
    <ClCompile Include="TBlockItem.cpp">
      <Filter>소스 파일\GUI\Items\Transparent</Filter>
    </ClCompile>
    <ClCompile Include="GUI.cpp">
      <Filter>소스 파일\GUI</Filter>
    </ClCompile>
    <ClCompile Include="GUIResources.cpp">
      <Filter>소스 파일\GUI\GUIResources</Filter>
    </ClCompile>
    <ClCompile Include="GUIRender.cpp">
      <Filter>소스 파일\GUI\GUIRender</Filter>
    </ClCompile>
    <ClCompile Include="GUIManager.cpp">
      <Filter>소스 파일\GUI</Filter>
    </ClCompile>
    <ClCompile Include="Inventory.cpp">
      <Filter>소스 파일\GUI\Inventory</Filter>
    </ClCompile>
    <ClCompile Include="BlockItem.cpp">
      <Filter>소스 파일\GUI\Items</Filter>
    </ClCompile>
    <ClCompile Include="TabItems.cpp">
      <Filter>소스 파일\GUI\TabItems</Filter>
    </ClCompile>
    <ClCompile Include="StartScene.cpp">
      <Filter>소스 파일\StartScene</Filter>
    </ClCompile>
    <ClCompile Include="Letter.cpp">
      <Filter>소스 파일\StartScene\Letter</Filter>
    </ClCompile>
    <ClCompile Include="BlockTextureArray.cpp">
      <Filter>소스 파일\BlockTextureArray</Filter>
    </ClCompile>
    <ClCompile Include="FmodSound.cpp">
      <Filter>소스 파일\Fmod</Filter>
    </ClCompile>
  </ItemGroup>
  <ItemGroup>
    <ResourceCompile Include="scop.rc">
      <Filter>리소스 파일</Filter>
    </ResourceCompile>
  </ItemGroup>
  <ItemGroup>
    <Image Include="small.ico">
      <Filter>리소스 파일</Filter>
    </Image>
    <Image Include="scop.ico">
      <Filter>리소스 파일</Filter>
    </Image>
  </ItemGroup>
  <ItemGroup>
    <FxCompile Include="SsaoBlurPS.hlsl">
      <Filter>소스 파일\World\WorldShaderFIle\DefferedShader\Ssao\SsaoBlur</Filter>
    </FxCompile>
    <FxCompile Include="SsaoBlurVS.hlsl">
      <Filter>소스 파일\World\WorldShaderFIle\DefferedShader\Ssao\SsaoBlur</Filter>
    </FxCompile>
    <FxCompile Include="ResultVS.hlsl">
      <Filter>소스 파일\World\WorldShaderFIle\DefferedShader</Filter>
    </FxCompile>
    <FxCompile Include="ResultPS.hlsl">
      <Filter>소스 파일\World\WorldShaderFIle\DefferedShader</Filter>
    </FxCompile>
    <FxCompile Include="SsaoVS.hlsl">
      <Filter>소스 파일\World\WorldShaderFIle\DefferedShader\Ssao</Filter>
    </FxCompile>
    <FxCompile Include="SsaoPS.hlsl">
      <Filter>소스 파일\World\WorldShaderFIle\DefferedShader\Ssao</Filter>
    </FxCompile>
    <FxCompile Include="SkyBoxVS.hlsl">
      <Filter>소스 파일\World\WorldShaderFIle\DefferedShader\SkyBox</Filter>
    </FxCompile>
    <FxCompile Include="SkyBoxPS.hlsl">
      <Filter>소스 파일\World\WorldShaderFIle\DefferedShader\SkyBox</Filter>
    </FxCompile>
    <FxCompile Include="CombineVS.hlsl">
      <Filter>소스 파일\World\WorldShaderFIle\DefferedShader\SkyBox</Filter>
    </FxCompile>
    <FxCompile Include="CombinePS.hlsl">
      <Filter>소스 파일\World\WorldShaderFIle\DefferedShader\SkyBox</Filter>
    </FxCompile>
    <FxCompile Include="BlurXPS.hlsl">
      <Filter>소스 파일\World\WorldShaderFIle\DefferedShader\SkyBox\SunMoon\Blur</Filter>
    </FxCompile>
    <FxCompile Include="BlurYPS.hlsl">
      <Filter>소스 파일\World\WorldShaderFIle\DefferedShader\SkyBox\SunMoon\Blur</Filter>
    </FxCompile>
    <FxCompile Include="SamplingPS.hlsl">
      <Filter>소스 파일\World\WorldShaderFIle\DefferedShader\SkyBox\SunMoon\Sampling</Filter>
    </FxCompile>
    <FxCompile Include="SamplingVS.hlsl">
      <Filter>소스 파일\World\WorldShaderFIle\DefferedShader\SkyBox\SunMoon\Sampling</Filter>
    </FxCompile>
    <FxCompile Include="SunMoonPS.hlsl">
      <Filter>소스 파일\World\WorldShaderFIle\DefferedShader\SkyBox\SunMoon\Object</Filter>
    </FxCompile>
    <FxCompile Include="SunMoonVS.hlsl">
      <Filter>소스 파일\World\WorldShaderFIle\DefferedShader\SkyBox\SunMoon\Object</Filter>
    </FxCompile>
    <FxCompile Include="SemiCombinePS.hlsl">
      <Filter>소스 파일\World\WorldShaderFIle\DefferedShader\SkyBox\SunMoon\SemiCombine</Filter>
    </FxCompile>
    <FxCompile Include="SemiCombineVS.hlsl">
      <Filter>소스 파일\World\WorldShaderFIle\DefferedShader\SkyBox\SunMoon\SemiCombine</Filter>
    </FxCompile>
    <FxCompile Include="GeometryDS.hlsl">
      <Filter>소스 파일\World\WorldShaderFIle\DefferedShader\Geometry\GeoTess</Filter>
    </FxCompile>
    <FxCompile Include="GeometryHS.hlsl">
      <Filter>소스 파일\World\WorldShaderFIle\DefferedShader\Geometry\GeoTess</Filter>
    </FxCompile>
    <FxCompile Include="GeometryPS.hlsl">
      <Filter>소스 파일\World\WorldShaderFIle\DefferedShader\Geometry\GeoTess</Filter>
    </FxCompile>
    <FxCompile Include="GeometryVS.hlsl">
      <Filter>소스 파일\World\WorldShaderFIle\DefferedShader\Geometry\GeoTess</Filter>
    </FxCompile>
    <FxCompile Include="PBRVS.hlsl">
      <Filter>소스 파일\World\WorldShaderFIle\DefferedShader\PBR</Filter>
    </FxCompile>
    <FxCompile Include="PBRPS.hlsl">
      <Filter>소스 파일\World\WorldShaderFIle\DefferedShader\PBR</Filter>
    </FxCompile>
    <FxCompile Include="ParallaxVS.hlsl">
      <Filter>소스 파일\World\WorldShaderFIle\DefferedShader\Geometry\ParallaxMapping</Filter>
    </FxCompile>
    <FxCompile Include="ParallaxPS.hlsl">
      <Filter>소스 파일\World\WorldShaderFIle\DefferedShader\Geometry\ParallaxMapping</Filter>
    </FxCompile>
    <FxCompile Include="CombineShadowVS.hlsl">
      <Filter>소스 파일\World\WorldShaderFIle\DefferedShader\Shadow</Filter>
    </FxCompile>
    <FxCompile Include="CombineShadowPS.hlsl">
      <Filter>소스 파일\World\WorldShaderFIle\DefferedShader\Shadow</Filter>
    </FxCompile>
    <FxCompile Include="ShadowPS.hlsl">
      <Filter>소스 파일\World\WorldShaderFIle\DefferedShader\Shadow\CSM</Filter>
    </FxCompile>
    <FxCompile Include="ShadowVS.hlsl">
      <Filter>소스 파일\World\WorldShaderFIle\DefferedShader\Shadow\CSM</Filter>
    </FxCompile>
    <FxCompile Include="CaveShadowVS.hlsl">
      <Filter>소스 파일\World\WorldShaderFIle\DefferedShader\CaveShadow</Filter>
    </FxCompile>
    <FxCompile Include="CaveShadowPS.hlsl">
      <Filter>소스 파일\World\WorldShaderFIle\DefferedShader\CaveShadow</Filter>
    </FxCompile>
    <FxCompile Include="TransparentVS.hlsl">
      <Filter>소스 파일\World\WorldShaderFIle\OIT\Transparent</Filter>
    </FxCompile>
    <FxCompile Include="TransparentPS.hlsl">
      <Filter>소스 파일\World\WorldShaderFIle\OIT\Transparent</Filter>
    </FxCompile>
    <FxCompile Include="CompositeVS.hlsl">
      <Filter>소스 파일\World\WorldShaderFIle\OIT\Composite</Filter>
    </FxCompile>
    <FxCompile Include="CompositePS.hlsl">
      <Filter>소스 파일\World\WorldShaderFIle\OIT\Composite</Filter>
    </FxCompile>
    <FxCompile Include="OITResultVS.hlsl">
      <Filter>소스 파일\World\WorldShaderFIle\OIT</Filter>
    </FxCompile>
    <FxCompile Include="OITResultPS.hlsl">
      <Filter>소스 파일\World\WorldShaderFIle\OIT</Filter>
    </FxCompile>
    <FxCompile Include="FinishVS.hlsl">
      <Filter>소스 파일\World\WorldShaderFIle</Filter>
    </FxCompile>
    <FxCompile Include="FinishPS.hlsl">
      <Filter>소스 파일\World\WorldShaderFIle</Filter>
    </FxCompile>
    <FxCompile Include="ReflectionCubePS.hlsl">
      <Filter>소스 파일\World\WorldShaderFIle\OIT\Water\Reflection\Cube</Filter>
    </FxCompile>
    <FxCompile Include="ReflectionCubeVS.hlsl">
      <Filter>소스 파일\World\WorldShaderFIle\OIT\Water\Reflection\Cube</Filter>
    </FxCompile>
    <FxCompile Include="WaterInitPS.hlsl">
      <Filter>소스 파일\World\WorldShaderFIle\OIT\Water\WaterInit</Filter>
    </FxCompile>
    <FxCompile Include="WaterInitVS.hlsl">
      <Filter>소스 파일\World\WorldShaderFIle\OIT\Water\WaterInit</Filter>
    </FxCompile>
    <FxCompile Include="WaterVS.hlsl">
      <Filter>소스 파일\World\WorldShaderFIle\OIT\Water</Filter>
    </FxCompile>
    <FxCompile Include="WaterPS.hlsl">
      <Filter>소스 파일\World\WorldShaderFIle\OIT\Water</Filter>
    </FxCompile>
    <FxCompile Include="ReflectionPS.hlsl">
      <Filter>소스 파일\World\WorldShaderFIle\OIT\Water\Reflection</Filter>
    </FxCompile>
    <FxCompile Include="ReflectionVS.hlsl">
      <Filter>소스 파일\World\WorldShaderFIle\OIT\Water\Reflection</Filter>
    </FxCompile>
    <FxCompile Include="RefractionVS.hlsl">
      <Filter>소스 파일\World\WorldShaderFIle\OIT\Water\WaterRefraction</Filter>
    </FxCompile>
    <FxCompile Include="RefractionPS.hlsl">
      <Filter>소스 파일\World\WorldShaderFIle\OIT\Water\WaterRefraction</Filter>
    </FxCompile>
    <FxCompile Include="InWaterVS.hlsl">
      <Filter>소스 파일\World\WorldShaderFIle\OIT\Water\InWater</Filter>
    </FxCompile>
    <FxCompile Include="InWaterPS.hlsl">
      <Filter>소스 파일\World\WorldShaderFIle\OIT\Water\InWater</Filter>
    </FxCompile>
    <FxCompile Include="EntityVS.hlsl">
      <Filter>소스 파일\World\WorldShaderFIle\DefferedShader\Entity</Filter>
    </FxCompile>
    <FxCompile Include="EntityPS.hlsl">
      <Filter>소스 파일\World\WorldShaderFIle\DefferedShader\Entity</Filter>
    </FxCompile>
    <FxCompile Include="CharacterVS.hlsl">
      <Filter>소스 파일\World\WorldShaderFIle\DefferedShader\Character</Filter>
    </FxCompile>
    <FxCompile Include="CharacterPS.hlsl">
      <Filter>소스 파일\World\WorldShaderFIle\DefferedShader\Character</Filter>
    </FxCompile>
    <FxCompile Include="CompositeRendererVS.hlsl">
      <Filter>소스 파일\CompositeRenderer\CompositeShader</Filter>
    </FxCompile>
    <FxCompile Include="CompositeRendererPS.hlsl">
      <Filter>소스 파일\CompositeRenderer\CompositeShader</Filter>
    </FxCompile>
    <FxCompile Include="GUIRenderColorPS.hlsl">
      <Filter>소스 파일\GUI\GUIshader</Filter>
    </FxCompile>
    <FxCompile Include="GUIRenderColorVS.hlsl">
      <Filter>소스 파일\GUI\GUIshader</Filter>
    </FxCompile>
    <FxCompile Include="GUIRenderPS.hlsl">
      <Filter>소스 파일\GUI\GUIshader</Filter>
    </FxCompile>
    <FxCompile Include="GUIRenderVS.hlsl">
      <Filter>소스 파일\GUI\GUIshader</Filter>
    </FxCompile>
    <FxCompile Include="InventoryOptVS.hlsl">
      <Filter>소스 파일\GUI\Inventory\InventoryShader</Filter>
    </FxCompile>
    <FxCompile Include="InventoryOptPS.hlsl">
      <Filter>소스 파일\GUI\Inventory\InventoryShader</Filter>
    </FxCompile>
    <FxCompile Include="TabItemsOptVS.hlsl">
      <Filter>소스 파일\GUI\TabItems\TabItemsShader</Filter>
    </FxCompile>
    <FxCompile Include="TabItemsOptPS.hlsl">
      <Filter>소스 파일\GUI\TabItems\TabItemsShader</Filter>
    </FxCompile>
    <FxCompile Include="StartSceneVS.hlsl">
      <Filter>소스 파일\StartScene\StartSceneShader</Filter>
    </FxCompile>
    <FxCompile Include="StartScenePS.hlsl">
      <Filter>소스 파일\StartScene\StartSceneShader</Filter>
    </FxCompile>
  </ItemGroup>
  <ItemGroup>
    <None Include="SimpleMath.inl">
      <Filter>헤더 파일\Utils\SimpleMath</Filter>
    </None>
    <None Include="resources\precision.cur">
      <Filter>리소스 파일</Filter>
    </None>
    <None Include="cursor2.cur">
      <Filter>리소스 파일</Filter>
    </None>
    <None Include="book.json">
      <Filter>리소스 파일\file</Filter>
    </None>
  </ItemGroup>
  <ItemGroup>
    <Media Include="resources\fishing.mp3">
      <Filter>리소스 파일\Sound</Filter>
    </Media>
    <Media Include="resources\hal1.mp3">
      <Filter>리소스 파일\Sound</Filter>
    </Media>
    <Media Include="resources\Leaf_litter_break1.mp3">
      <Filter>리소스 파일\Sound</Filter>
    </Media>
    <Media Include="resources\m_click.mp3">
      <Filter>리소스 파일\Sound</Filter>
    </Media>
    <Media Include="resources\minecraft-glass-break.mp3">
      <Filter>리소스 파일\Sound</Filter>
    </Media>
    <Media Include="resources\roblox.mp3">
      <Filter>리소스 파일\Sound</Filter>
    </Media>
    <Media Include="resources\stone_effect.mp3">
      <Filter>리소스 파일\Sound</Filter>
    </Media>
  </ItemGroup>
</Project>