<?xml version="1.0" encoding="utf-8"?>
<Project ToolsVersion="4.0" xmlns="http://schemas.microsoft.com/developer/msbuild/2003">
  <ItemGroup>
    <Filter Include="소스 파일">
      <UniqueIdentifier>{4FC737F1-C7A5-4376-A066-2A32D752A2FF}</UniqueIdentifier>
      <Extensions>cpp;c;cc;cxx;c++;cppm;ixx;def;odl;idl;hpj;bat;asm;asmx</Extensions>
    </Filter>
    <Filter Include="헤더 파일">
      <UniqueIdentifier>{93995380-89BD-4b04-88EB-625FBE52EBFB}</UniqueIdentifier>
      <Extensions>h;hh;hpp;hxx;h++;hm;inl;inc;ipp;xsd</Extensions>
    </Filter>
    <Filter Include="리소스 파일">
      <UniqueIdentifier>{67DA6AB6-F800-4c08-8B7A-83BB121AAD01}</UniqueIdentifier>
      <Extensions>rc;ico;cur;bmp;dlg;rc2;rct;bin;rgs;gif;jpg;jpeg;jpe;resx;tiff;tif;png;wav;mfcribbon-ms</Extensions>
    </Filter>
    <Filter Include="소스 파일\Engine">
      <UniqueIdentifier>{2743a4a4-c740-4f27-9c2e-1ce7d1790c37}</UniqueIdentifier>
    </Filter>
    <Filter Include="헤더 파일\Utils">
      <UniqueIdentifier>{67f3d61d-0099-4e81-804b-96a5975cf393}</UniqueIdentifier>
    </Filter>
    <Filter Include="소스 파일\Engine\Graphic">
      <UniqueIdentifier>{3ca9b127-b72a-476b-bc29-05c6ce6ddb79}</UniqueIdentifier>
    </Filter>
    <Filter Include="소스 파일\Engine\Pipeline">
      <UniqueIdentifier>{eae637a7-e201-4e7e-a79d-f54297ea6d9b}</UniqueIdentifier>
    </Filter>
    <Filter Include="소스 파일\Engine\Pipeline\0_Buffer">
      <UniqueIdentifier>{62e80e43-61ef-4317-be88-0c220af0eed1}</UniqueIdentifier>
    </Filter>
    <Filter Include="소스 파일\Engine\Pipeline\1_InputAssembler">
      <UniqueIdentifier>{9d00fdbf-d40b-4f25-a14a-9010a34f2604}</UniqueIdentifier>
    </Filter>
    <Filter Include="소스 파일\Engine\Pipeline\2_Rasterizer">
      <UniqueIdentifier>{033468cd-03e4-4ad6-bdfc-98252e54fc83}</UniqueIdentifier>
    </Filter>
    <Filter Include="소스 파일\Engine\Pipeline\3_Shader">
      <UniqueIdentifier>{5ddd61f4-fed3-4dca-a8fe-f9af196cbfc2}</UniqueIdentifier>
    </Filter>
    <Filter Include="소스 파일\Engine\Pipeline\3_Shader\PixelShader">
      <UniqueIdentifier>{c1238b72-d231-426e-87d3-b966695738f3}</UniqueIdentifier>
    </Filter>
    <Filter Include="소스 파일\Engine\Pipeline\3_Shader\VertexShader">
      <UniqueIdentifier>{0041a404-f72a-49d3-8ed8-99ac98c7df1a}</UniqueIdentifier>
    </Filter>
    <Filter Include="소스 파일\Engine\Pipeline\4_OutputMerger">
      <UniqueIdentifier>{c90576e2-732b-4f4d-b94f-bf8587cbfbae}</UniqueIdentifier>
    </Filter>
    <Filter Include="소스 파일\Engine\Pipeline\4_OutputMerger\BlendState">
      <UniqueIdentifier>{c7059efa-b3ae-468c-b421-da2da03c359d}</UniqueIdentifier>
    </Filter>
    <Filter Include="소스 파일\Engine\Pipeline\5_Texture">
      <UniqueIdentifier>{2eef5446-b711-49f2-9b13-9107f84accde}</UniqueIdentifier>
    </Filter>
    <Filter Include="소스 파일\Engine\Pipeline\5_Texture\Texture">
      <UniqueIdentifier>{c475c293-4ae3-4db2-8c19-79f61338b01c}</UniqueIdentifier>
    </Filter>
    <Filter Include="소스 파일\Engine\Pipeline\5_Texture\Sampler">
      <UniqueIdentifier>{d5d1504c-6c36-4dd5-8c69-6c4ba4b14648}</UniqueIdentifier>
    </Filter>
    <Filter Include="소스 파일\World">
      <UniqueIdentifier>{6c067bf6-d10b-4f88-818f-d5e6b1e21389}</UniqueIdentifier>
    </Filter>
    <Filter Include="소스 파일\World\Chunk">
      <UniqueIdentifier>{42a1b12b-847c-4e60-81e8-ba52cae5e09c}</UniqueIdentifier>
    </Filter>
    <Filter Include="소스 파일\World\Block">
      <UniqueIdentifier>{1c1212bc-c614-49e6-b2fa-0bc3653620c7}</UniqueIdentifier>
    </Filter>
    <Filter Include="소스 파일\World\WorldShaderFIle">
      <UniqueIdentifier>{e9ceb38c-5083-4ca9-ac73-2de4bff11fe8}</UniqueIdentifier>
    </Filter>
    <Filter Include="소스 파일\World\Noise">
      <UniqueIdentifier>{6f0ac322-30ef-458f-a540-cff2819a55ba}</UniqueIdentifier>
    </Filter>
    <Filter Include="소스 파일\World\Utils">
      <UniqueIdentifier>{14b21239-b4ba-4ea6-be9a-477e2f0b8ba9}</UniqueIdentifier>
    </Filter>
    <Filter Include="헤더 파일\etc">
      <UniqueIdentifier>{fe1ffa22-c76d-4dfb-9b0a-5ce31e97791e}</UniqueIdentifier>
    </Filter>
    <Filter Include="소스 파일\World\TestCam">
      <UniqueIdentifier>{1c81632f-c82d-418c-b2a8-b1a4e4a5cea0}</UniqueIdentifier>
    </Filter>
    <Filter Include="헤더 파일\Utils\WICTextureLoader">
      <UniqueIdentifier>{84562d8d-e3d2-48a6-aa82-609c84bc2068}</UniqueIdentifier>
    </Filter>
    <Filter Include="헤더 파일\Utils\SimpleMath">
      <UniqueIdentifier>{60c06e56-3714-4101-aae9-cf3e3f0320dc}</UniqueIdentifier>
    </Filter>
    <Filter Include="소스 파일\World\Map">
      <UniqueIdentifier>{7e7a0dc6-b5f2-44b0-b090-c9bcf401b95d}</UniqueIdentifier>
    </Filter>
    <Filter Include="소스 파일\World\Map\MapUtils">
      <UniqueIdentifier>{103abc11-a445-4c10-ada7-77038019557c}</UniqueIdentifier>
    </Filter>
    <Filter Include="소스 파일\World\Map\System">
      <UniqueIdentifier>{9272344e-7151-4d07-bb0e-90ccb5ca9cb6}</UniqueIdentifier>
    </Filter>
    <Filter Include="소스 파일\World\Map\System\LightSystem">
      <UniqueIdentifier>{d6c5ce7e-56c1-4ee7-a37e-d0ee40057f55}</UniqueIdentifier>
    </Filter>
    <Filter Include="소스 파일\World\Map\System\TerrainSystem">
      <UniqueIdentifier>{e9a43b52-258a-44b3-98c9-276d04167ab3}</UniqueIdentifier>
    </Filter>
    <Filter Include="소스 파일\World\Map\System\RenderSystem">
      <UniqueIdentifier>{11ebfda0-cf85-41ab-91e0-59d22b3d82dc}</UniqueIdentifier>
    </Filter>
    <Filter Include="소스 파일\World\WorldShaderFIle\DefferedShader">
      <UniqueIdentifier>{6272f0a6-5c5f-480d-9c2f-5bebc2bb704d}</UniqueIdentifier>
    </Filter>
    <Filter Include="소스 파일\World\WorldShaderFIle\DefferedShader\Geometry">
      <UniqueIdentifier>{e6077c36-ad56-402f-9396-6e0000106c1e}</UniqueIdentifier>
    </Filter>
    <Filter Include="소스 파일\World\WorldShaderFIle\DefferedShader\Shadow">
      <UniqueIdentifier>{3e527fc0-a097-4aed-82eb-a9e4f74b3880}</UniqueIdentifier>
    </Filter>
    <Filter Include="소스 파일\World\Map\System\RenderSystem\DeferredRender">
      <UniqueIdentifier>{103ef51b-849c-4ef5-baa2-63cb6bb5300f}</UniqueIdentifier>
    </Filter>
    <Filter Include="소스 파일\World\DeferredGraphic">
      <UniqueIdentifier>{ad67f954-44c5-402f-aa3d-e75ab747dac0}</UniqueIdentifier>
    </Filter>
    <Filter Include="소스 파일\World\WorldShaderFIle\DefferedShader\Ssao">
      <UniqueIdentifier>{0f92ee97-4ff7-4cb8-ac0b-18297c59ae61}</UniqueIdentifier>
    </Filter>
    <Filter Include="소스 파일\World\WorldShaderFIle\DefferedShader\Ssao\SsaoBlur">
      <UniqueIdentifier>{573bcc8b-3cfc-4c8c-9d6a-92a763c10702}</UniqueIdentifier>
    </Filter>
    <Filter Include="소스 파일\World\WorldShaderFIle\DefferedShader\SkyBox">
      <UniqueIdentifier>{ebdbaf69-4823-46af-ab1d-c4458fa5ab0a}</UniqueIdentifier>
    </Filter>
    <Filter Include="소스 파일\World\WorldShaderFIle\DefferedShader\SkyBox\SunMoon">
      <UniqueIdentifier>{84673491-15b9-4f7f-971a-256c0027b4a0}</UniqueIdentifier>
    </Filter>
    <Filter Include="소스 파일\World\WorldShaderFIle\DefferedShader\SkyBox\SunMoon\Blur">
      <UniqueIdentifier>{c029516e-190c-459b-8d1e-2470b76b5844}</UniqueIdentifier>
    </Filter>
    <Filter Include="소스 파일\World\WorldShaderFIle\DefferedShader\SkyBox\SunMoon\Sampling">
      <UniqueIdentifier>{de5ed660-f4e0-4f1f-9b24-b59cc7644ddd}</UniqueIdentifier>
    </Filter>
    <Filter Include="소스 파일\World\WorldShaderFIle\DefferedShader\SkyBox\SunMoon\Object">
      <UniqueIdentifier>{b31d9d50-41bc-4b43-8a85-224d6e22bdf4}</UniqueIdentifier>
    </Filter>
    <Filter Include="소스 파일\World\WorldShaderFIle\DefferedShader\SkyBox\SunMoon\SemiCombine">
      <UniqueIdentifier>{2b02307e-1773-4c63-a3bc-e527da3ea666}</UniqueIdentifier>
    </Filter>
    <Filter Include="소스 파일\Engine\Pipeline\3_Shader\HullShader">
      <UniqueIdentifier>{0a7d9432-e6dc-4211-9999-329abd7aba9b}</UniqueIdentifier>
    </Filter>
    <Filter Include="소스 파일\Engine\Pipeline\3_Shader\DomainShader">
      <UniqueIdentifier>{06808725-e567-49bd-a468-fa57e9452d13}</UniqueIdentifier>
    </Filter>
    <Filter Include="소스 파일\World\WorldShaderFIle\DefferedShader\Geometry\GeoTess">
      <UniqueIdentifier>{2811ede9-fd6a-4b5d-a558-d55469912f0a}</UniqueIdentifier>
    </Filter>
    <Filter Include="소스 파일\World\WorldShaderFIle\DefferedShader\PBR">
      <UniqueIdentifier>{7dc24004-77e5-41ac-8256-f80323200823}</UniqueIdentifier>
    </Filter>
    <Filter Include="소스 파일\World\WorldShaderFIle\DefferedShader\Geometry\ParallaxMapping">
      <UniqueIdentifier>{d459ee3d-ead2-432d-92d2-0f0d51be6491}</UniqueIdentifier>
    </Filter>
    <Filter Include="소스 파일\Engine\Pipeline\0_Buffer\StructuredBuffer">
      <UniqueIdentifier>{8c408968-2bc7-42c6-811d-90b59bdd5d12}</UniqueIdentifier>
    </Filter>
    <Filter Include="소스 파일\Engine\Pipeline\0_Buffer\ConstantBuffer">
      <UniqueIdentifier>{b4494f66-dfb8-403f-b3b5-a713f28ab02b}</UniqueIdentifier>
    </Filter>
    <Filter Include="소스 파일\Engine\Pipeline\0_Buffer\BasicBuffer">
      <UniqueIdentifier>{c702dd58-f6cc-48d7-a5a4-77409ba8bde9}</UniqueIdentifier>
    </Filter>
    <Filter Include="소스 파일\Engine\Pipeline\0_Buffer\DepthBuffer">
      <UniqueIdentifier>{cdbc62f7-487a-48c0-99c6-605a26b8d5fc}</UniqueIdentifier>
    </Filter>
    <Filter Include="소스 파일\World\WorldShaderFIle\DefferedShader\Shadow\CSM">
      <UniqueIdentifier>{43dc920d-8ef8-4d8e-8b4e-315753faa866}</UniqueIdentifier>
    </Filter>
    <Filter Include="소스 파일\Engine\Pipeline\3_Shader\GeometryShader">
      <UniqueIdentifier>{6841dc83-faba-4430-b944-b7f3aebd5d6f}</UniqueIdentifier>
    </Filter>
    <Filter Include="소스 파일\World\WorldShaderFIle\DefferedShader\CaveShadow">
      <UniqueIdentifier>{89ffe001-d9ed-404a-a274-c265bf648884}</UniqueIdentifier>
    </Filter>
    <Filter Include="소스 파일\World\Chunk\WaterChunk">
      <UniqueIdentifier>{921ce0b1-8995-47ba-ac47-b7771cc38019}</UniqueIdentifier>
    </Filter>
    <Filter Include="소스 파일\World\WorldShaderFIle\OIT">
      <UniqueIdentifier>{5ca36f65-0d44-458d-83bb-f2a46cd8c0c7}</UniqueIdentifier>
    </Filter>
    <Filter Include="소스 파일\World\WorldShaderFIle\OIT\Transparent">
      <UniqueIdentifier>{fe30155d-9110-402d-9f0a-39e2b794735c}</UniqueIdentifier>
    </Filter>
    <Filter Include="소스 파일\World\WorldShaderFIle\OIT\Composite">
      <UniqueIdentifier>{4d6798c8-ba37-4dbe-abac-a2421de9f29b}</UniqueIdentifier>
    </Filter>
    <Filter Include="소스 파일\World\WorldShaderFIle\OIT\Water">
      <UniqueIdentifier>{be3cc555-209d-453d-b21a-a4a19db4866c}</UniqueIdentifier>
    </Filter>
    <Filter Include="소스 파일\World\Map\System\RenderSystem\OIT">
      <UniqueIdentifier>{6e14cdee-6457-4db5-af5c-a074fdb19319}</UniqueIdentifier>
    </Filter>
    <Filter Include="소스 파일\World\Map\System\RenderSystem\OIT\Transparent">
      <UniqueIdentifier>{620d4d18-e272-4efb-be56-b4b788edf429}</UniqueIdentifier>
    </Filter>
    <Filter Include="소스 파일\World\Map\System\RenderSystem\OIT\Composite">
      <UniqueIdentifier>{bcf1291a-33dd-4ab3-a5ac-508c86505a59}</UniqueIdentifier>
    </Filter>
    <Filter Include="소스 파일\World\Map\System\RenderSystem\OIT\Water">
      <UniqueIdentifier>{690145a1-c09a-4d00-9599-d2065155639c}</UniqueIdentifier>
    </Filter>
    <Filter Include="소스 파일\World\Chunk\TPBlock">
      <UniqueIdentifier>{74fc5d96-767b-4b26-b141-f1e597ab3b9c}</UniqueIdentifier>
    </Filter>
    <Filter Include="소스 파일\World\Map\System\TerrainSystem\SetCave">
      <UniqueIdentifier>{b3144500-5a59-48e3-ba59-088b6a460d18}</UniqueIdentifier>
    </Filter>
    <Filter Include="소스 파일\World\Map\System\TerrainSystem\SetTree">
      <UniqueIdentifier>{baeb9a16-8298-4647-8ee3-97d93f53c3db}</UniqueIdentifier>
    </Filter>
    <Filter Include="소스 파일\World\Map\System\TerrainSystem\SetWater">
      <UniqueIdentifier>{56d06d3f-28fb-47b7-b3bd-177861442724}</UniqueIdentifier>
    </Filter>
    <Filter Include="소스 파일\World\Map\System\TerrainSystem\Trees">
      <UniqueIdentifier>{563c4ee2-7e39-4144-92d0-ee22cfdf05f4}</UniqueIdentifier>
    </Filter>
    <Filter Include="소스 파일\World\WorldShaderFIle\OIT\Water\Reflection">
      <UniqueIdentifier>{e1480218-aa17-45a8-acf4-89c086c39070}</UniqueIdentifier>
    </Filter>
    <Filter Include="소스 파일\World\WorldShaderFIle\OIT\Water\Reflection\Cube">
      <UniqueIdentifier>{e5da4856-8fb0-41d3-9e53-51646291a5b3}</UniqueIdentifier>
    </Filter>
    <Filter Include="소스 파일\World\Map\System\RenderSystem\OIT\Water\WaterReflection">
      <UniqueIdentifier>{80edb7ee-da58-4954-b392-3aeb6cdf4627}</UniqueIdentifier>
    </Filter>
    <Filter Include="소스 파일\World\Map\System\RenderSystem\OIT\Water\WaterInit">
      <UniqueIdentifier>{f7778bd9-d3b1-4b5c-872a-01a21e5badb5}</UniqueIdentifier>
    </Filter>
    <Filter Include="소스 파일\World\WorldShaderFIle\OIT\Water\WaterInit">
      <UniqueIdentifier>{50a56646-c107-4b10-b60d-0d304e29300c}</UniqueIdentifier>
    </Filter>
    <Filter Include="소스 파일\World\Map\System\RenderSystem\DeferredRender\OpacityRender">
      <UniqueIdentifier>{669c3fe7-0add-416d-abf8-22f2c236bbae}</UniqueIdentifier>
    </Filter>
    <Filter Include="소스 파일\World\Map\System\RenderSystem\DeferredRender\OpacityRender\GeoRender">
      <UniqueIdentifier>{1c9a78b1-25c0-4e33-9e60-ca96cd93364b}</UniqueIdentifier>
    </Filter>
    <Filter Include="소스 파일\World\Map\System\RenderSystem\DeferredRender\OpacityRender\GeoRender\ParallaxMapping">
      <UniqueIdentifier>{8a2f8a74-16ea-4455-bc1f-780decb89bd9}</UniqueIdentifier>
    </Filter>
    <Filter Include="소스 파일\World\Map\System\RenderSystem\DeferredRender\OpacityRender\InputLayouts">
      <UniqueIdentifier>{8c0d1be0-0a0b-43af-bdb2-f69925e6ed2d}</UniqueIdentifier>
    </Filter>
    <Filter Include="소스 파일\World\Map\System\RenderSystem\DeferredRender\OpacityRender\PBR">
      <UniqueIdentifier>{7564cc85-f26a-4313-ac7f-c685f103946c}</UniqueIdentifier>
    </Filter>
    <Filter Include="소스 파일\World\Map\System\RenderSystem\DeferredRender\OpacityRender\ShadowRender">
      <UniqueIdentifier>{fabe4eb9-248b-4966-9f0b-18fc06c6f590}</UniqueIdentifier>
    </Filter>
    <Filter Include="소스 파일\World\Map\System\RenderSystem\DeferredRender\OpacityRender\ShadowRender\CSM">
      <UniqueIdentifier>{3e41ab42-dd83-4e85-8ccc-0554d3429f92}</UniqueIdentifier>
    </Filter>
    <Filter Include="소스 파일\World\Map\System\RenderSystem\DeferredRender\OpacityRender\ShadowRender\CaveShadow">
      <UniqueIdentifier>{ec7fefaf-83dd-4718-916c-0d82c8e1c447}</UniqueIdentifier>
    </Filter>
    <Filter Include="소스 파일\World\Map\System\RenderSystem\DeferredRender\OpacityRender\Ssao">
      <UniqueIdentifier>{d95aab1c-b673-4c45-bb16-9f1c30a2a7a2}</UniqueIdentifier>
    </Filter>
    <Filter Include="소스 파일\World\Map\System\RenderSystem\DeferredRender\OpacityRender\Ssao\SsaoBlur">
      <UniqueIdentifier>{239ac719-1e45-4ea0-a247-86c099614391}</UniqueIdentifier>
    </Filter>
    <Filter Include="소스 파일\World\Map\System\RenderSystem\DeferredRender\OpacityRender\Ssao\SsaoRender">
      <UniqueIdentifier>{5f8d742e-9b44-44d0-a478-1f1af9607434}</UniqueIdentifier>
    </Filter>
    <Filter Include="소스 파일\World\Map\System\RenderSystem\DeferredRender\OpacityRender\Wallpaper">
      <UniqueIdentifier>{f8af4932-3717-41a5-8222-88d01f6a2704}</UniqueIdentifier>
    </Filter>
    <Filter Include="소스 파일\World\Map\System\RenderSystem\DeferredRender\OpacityRender\Wallpaper\cubemap">
      <UniqueIdentifier>{a7973095-e4cd-42b1-8aad-66b44c0ef85e}</UniqueIdentifier>
    </Filter>
    <Filter Include="소스 파일\World\Map\System\RenderSystem\DeferredRender\OpacityRender\Wallpaper\SunMoon">
      <UniqueIdentifier>{f3759840-a3d6-410e-81b8-201f76e06ee7}</UniqueIdentifier>
    </Filter>
    <Filter Include="소스 파일\World\Map\System\RenderSystem\DeferredRender\OpacityRender\Wallpaper\SunMoon\Blur">
      <UniqueIdentifier>{a73a7cb9-6374-4627-875f-1cf9dcc2aa93}</UniqueIdentifier>
    </Filter>
    <Filter Include="소스 파일\World\Map\System\RenderSystem\DeferredRender\OpacityRender\Wallpaper\SunMoon\Object">
      <UniqueIdentifier>{1a447a19-1fe9-4202-810b-679cfa5da5a3}</UniqueIdentifier>
    </Filter>
    <Filter Include="소스 파일\World\Map\System\RenderSystem\DeferredRender\OpacityRender\Wallpaper\SunMoon\Object\Sun">
      <UniqueIdentifier>{61e1663b-8c1a-41b4-9d26-ada09a42569b}</UniqueIdentifier>
    </Filter>
    <Filter Include="소스 파일\World\WorldShaderFIle\OIT\Water\WaterRefraction">
      <UniqueIdentifier>{c813763a-bb42-4778-b638-5c0c6adadd17}</UniqueIdentifier>
    </Filter>
    <Filter Include="소스 파일\World\Map\System\RenderSystem\OIT\Water\WaterRefraction">
      <UniqueIdentifier>{747ec7eb-eb50-4bbe-a430-65991d329dd9}</UniqueIdentifier>
    </Filter>
    <Filter Include="소스 파일\World\Time">
      <UniqueIdentifier>{ecd6919a-52a5-4a8a-9d7c-3fde27f5d405}</UniqueIdentifier>
    </Filter>
    <Filter Include="소스 파일\World\WorldShaderFIle\OIT\Water\InWater">
      <UniqueIdentifier>{b295b086-6f7c-4e59-8983-8345a6ffe767}</UniqueIdentifier>
    </Filter>
    <Filter Include="소스 파일\Engine\Pipeline\3_Shader\EXEPath">
      <UniqueIdentifier>{9311e7ca-a7ac-4798-9dc2-c5a61fe2b5b4}</UniqueIdentifier>
    </Filter>
    <Filter Include="소스 파일\World\WorldShaderFIle\DefferedShader\Entity">
      <UniqueIdentifier>{fe9a8499-dfd7-4fda-abc3-8dcb3ea0241c}</UniqueIdentifier>
    </Filter>
    <Filter Include="소스 파일\World\WorldShaderFIle\DefferedShader\Character">
      <UniqueIdentifier>{0e08c997-d14b-45bc-990d-5f50642f92ee}</UniqueIdentifier>
    </Filter>
    <Filter Include="소스 파일\CompositeRenderer">
      <UniqueIdentifier>{f9fe6986-f538-4105-a1ec-b49f3d093091}</UniqueIdentifier>
    </Filter>
    <Filter Include="소스 파일\CompositeRenderer\CompositeShader">
      <UniqueIdentifier>{b809711c-3283-4a6a-84ea-d3c8c5e2d064}</UniqueIdentifier>
    </Filter>
    <Filter Include="소스 파일\GUI">
      <UniqueIdentifier>{5a17be71-a516-4522-a0e5-4eb385d97054}</UniqueIdentifier>
    </Filter>
    <Filter Include="소스 파일\GUI\Items">
      <UniqueIdentifier>{4e27c9ae-d0b1-4c1f-9995-ca99fa79ee54}</UniqueIdentifier>
    </Filter>
    <Filter Include="소스 파일\GUI\Items\Opacity">
      <UniqueIdentifier>{70d92854-c4ab-4673-822a-1d14c9761124}</UniqueIdentifier>
    </Filter>
    <Filter Include="소스 파일\GUI\Items\Transparent">
      <UniqueIdentifier>{36a4f9de-1c54-4f5a-90db-713219c582cb}</UniqueIdentifier>
    </Filter>
    <Filter Include="소스 파일\GUI\GUIResources">
      <UniqueIdentifier>{430cd8ee-67d5-4811-9653-da9a811c4f5b}</UniqueIdentifier>
    </Filter>
    <Filter Include="소스 파일\GUI\GUIRender">
      <UniqueIdentifier>{a36e1f43-1e2f-4e17-a598-38430bc31db5}</UniqueIdentifier>
    </Filter>
    <Filter Include="소스 파일\GUI\GUIshader">
      <UniqueIdentifier>{9c21d6b2-179f-448c-8428-6dfd2a49f8e0}</UniqueIdentifier>
    </Filter>
    <Filter Include="소스 파일\GUI\Inventory">
      <UniqueIdentifier>{e311b459-39a1-43ed-b281-3791595e88a9}</UniqueIdentifier>
    </Filter>
    <Filter Include="소스 파일\GUI\TabItems">
      <UniqueIdentifier>{fb2bb4db-76e9-447f-be24-72a9d747bf9e}</UniqueIdentifier>
    </Filter>
    <Filter Include="소스 파일\GUI\Inventory\InventoryShader">
      <UniqueIdentifier>{4d2cea04-07ff-49a9-8a0b-0ca0e5e5c831}</UniqueIdentifier>
    </Filter>
    <Filter Include="소스 파일\GUI\TabItems\TabItemsShader">
      <UniqueIdentifier>{544f5c16-4563-466f-970e-6262937dbf2c}</UniqueIdentifier>
    </Filter>
    <Filter Include="소스 파일\StartScene">
      <UniqueIdentifier>{b1cc1138-bb41-4f53-80e2-e59f94aafd49}</UniqueIdentifier>
    </Filter>
    <Filter Include="소스 파일\StartScene\StartSceneShader">
      <UniqueIdentifier>{3f5e0fd9-957f-4f67-821e-ebac705c9129}</UniqueIdentifier>
    </Filter>
    <Filter Include="소스 파일\StartScene\Letter">
      <UniqueIdentifier>{47a7ad9d-47cb-4c8c-8d7e-07155b721aec}</UniqueIdentifier>
    </Filter>
    <Filter Include="소스 파일\BlockTextureArray">
      <UniqueIdentifier>{19c58998-f65d-4d68-9ec0-b38859054d8a}</UniqueIdentifier>
    </Filter>
    <Filter Include="소스 파일\Fmod">
      <UniqueIdentifier>{6c815ec0-03a8-4948-9f90-612ae182d154}</UniqueIdentifier>
    </Filter>
    <Filter Include="헤더 파일\Utils\JSON">
      <UniqueIdentifier>{34d55ac7-6d03-40e7-9a42-2c8b9a15fc51}</UniqueIdentifier>
    </Filter>
    <Filter Include="리소스 파일\Sound">
      <UniqueIdentifier>{8731cff7-e98c-49ee-8fad-58454662f108}</UniqueIdentifier>
    </Filter>
    <Filter Include="리소스 파일\file">
      <UniqueIdentifier>{6d9e75a4-98d0-4548-833d-7c67952ced9b}</UniqueIdentifier>
    </Filter>
    <Filter Include="헤더 파일\Utils\stb_image">
      <UniqueIdentifier>{fdad2319-76db-48df-b2fd-c07980d7cafc}</UniqueIdentifier>
    </Filter>
    <Filter Include="소스 파일\World\Map\Entity">
      <UniqueIdentifier>{b96ef6ce-375a-44d2-8c2b-ae6887ff4009}</UniqueIdentifier>
    </Filter>
    <Filter Include="소스 파일\World\Map\Entity\Character">
      <UniqueIdentifier>{5ab59b65-46ba-4f0c-98b7-9786b5da8bf3}</UniqueIdentifier>
    </Filter>
    <Filter Include="소스 파일\World\Map\Entity\Character\Head">
      <UniqueIdentifier>{eec8f7d4-3532-40fa-bf3a-4118c0b56ca9}</UniqueIdentifier>
    </Filter>
    <Filter Include="소스 파일\World\Map\Entity\Character\Body">
      <UniqueIdentifier>{9f8ad431-f8b6-4471-be34-eb5d697bd549}</UniqueIdentifier>
    </Filter>
    <Filter Include="소스 파일\World\Map\Entity\Character\Arms">
      <UniqueIdentifier>{2096952f-100f-420e-bc7d-663cd3f1a965}</UniqueIdentifier>
    </Filter>
    <Filter Include="소스 파일\World\Map\Entity\Character\Arms\RightArm">
      <UniqueIdentifier>{a9ad3ca8-eaae-4289-a151-b8eb69eed934}</UniqueIdentifier>
    </Filter>
    <Filter Include="소스 파일\World\Map\Entity\Character\Arms\LeftArm">
      <UniqueIdentifier>{46e3ce56-c0f5-4b30-a86a-27216a9374ab}</UniqueIdentifier>
    </Filter>
    <Filter Include="소스 파일\World\Map\Entity\Character\Legs">
      <UniqueIdentifier>{2ab94d15-28d5-46c9-a4bb-7f036dcccfb6}</UniqueIdentifier>
    </Filter>
    <Filter Include="소스 파일\World\Map\Entity\Character\Legs\RightLeg">
      <UniqueIdentifier>{277048a3-a46e-4f3a-aa5e-5309cfbd765f}</UniqueIdentifier>
    </Filter>
    <Filter Include="소스 파일\World\Map\Entity\Character\Legs\LeftLeg">
      <UniqueIdentifier>{c6854f63-e40f-4743-a5b1-d934a7d06aed}</UniqueIdentifier>
    </Filter>
    <Filter Include="소스 파일\World\Map\Entity\Collision">
      <UniqueIdentifier>{c0945eb1-afc7-47f8-b2fa-6aecc2c8f2ce}</UniqueIdentifier>
    </Filter>
    <Filter Include="소스 파일\World\Map\Entity\Collision\CollisionUtils">
      <UniqueIdentifier>{6375eafc-8812-4d6f-a04e-3659f0b55bfa}</UniqueIdentifier>
    </Filter>
    <Filter Include="소스 파일\World\Map\Entity\Parts">
      <UniqueIdentifier>{7867e7e4-96e5-429b-a3c5-4085d80ff433}</UniqueIdentifier>
    </Filter>
  </ItemGroup>
  <ItemGroup>
    <ClInclude Include="pch.h">
      <Filter>헤더 파일</Filter>
    </ClInclude>
    <ClInclude Include="framework.h">
      <Filter>헤더 파일\etc</Filter>
    </ClInclude>
    <ClInclude Include="Resource.h">
      <Filter>헤더 파일</Filter>
    </ClInclude>
    <ClInclude Include="scop.h">
      <Filter>헤더 파일</Filter>
    </ClInclude>
    <ClInclude Include="targetver.h">
      <Filter>헤더 파일</Filter>
    </ClInclude>
    <ClInclude Include="TestRender.h">
      <Filter>헤더 파일</Filter>
    </ClInclude>
    <ClInclude Include="World\Terrain.h">
      <Filter>헤더 파일</Filter>
    </ClInclude>
    <ClInclude Include="BlockTextureArray\BlockTextureArray.h">
      <Filter>헤더 파일</Filter>
    </ClInclude>
    <ClInclude Include="CompositeRenderer\CompositeRenderer.h">
      <Filter>헤더 파일</Filter>
    </ClInclude>
    <ClInclude Include="Engine\Graphic\Graphics.h">
      <Filter>헤더 파일</Filter>
    </ClInclude>
    <ClInclude Include="Engine\Pipeline\Buffer\BasicBuffer\Buffer.h">
      <Filter>헤더 파일</Filter>
    </ClInclude>
    <ClInclude Include="Engine\Pipeline\Buffer\ConstantBuffer\ConstantBuffer.h">
      <Filter>헤더 파일</Filter>
    </ClInclude>
    <ClInclude Include="Engine\Pipeline\Buffer\DepthBuffer\DepthMap.h">
      <Filter>헤더 파일</Filter>
    </ClInclude>
    <ClInclude Include="Engine\Pipeline\Buffer\StructuredBuffer\StructuredBuffer.h">
      <Filter>헤더 파일</Filter>
    </ClInclude>
    <ClInclude Include="Engine\Pipeline\InputAssembler\InputLayout.h">
      <Filter>헤더 파일</Filter>
    </ClInclude>
    <ClInclude Include="Engine\Pipeline\OutputMerger\BlendState.h">
      <Filter>헤더 파일</Filter>
    </ClInclude>
    <ClInclude Include="Engine\Pipeline\Rasterizer\RasterizerState.h">
      <Filter>헤더 파일</Filter>
    </ClInclude>
    <ClInclude Include="Engine\Pipeline\Shader\EXEPath\EXEPath.h">
      <Filter>헤더 파일</Filter>
    </ClInclude>
    <ClInclude Include="Engine\Pipeline\Shader\PixelShader\PixelShader.h">
      <Filter>헤더 파일</Filter>
    </ClInclude>
    <ClInclude Include="Engine\Pipeline\Shader\VertexShader\VertexShader.h">
      <Filter>헤더 파일</Filter>
    </ClInclude>
    <ClInclude Include="Engine\Pipeline\Texture\Sampler\SamplerState.h">
      <Filter>헤더 파일</Filter>
    </ClInclude>
    <ClInclude Include="Engine\Pipeline\Texture\Texture\Texture.h">
      <Filter>헤더 파일</Filter>
    </ClInclude>
    <ClInclude Include="Engine\Pipeline\Texture\Texture\TextureArray.h">
      <Filter>헤더 파일</Filter>
    </ClInclude>
    <ClInclude Include="Fmod\FmodSound.h">
      <Filter>헤더 파일</Filter>
    </ClInclude>
    <ClInclude Include="GUI\GUIRender\GUIRender.h">
      <Filter>헤더 파일</Filter>
    </ClInclude>
    <ClInclude Include="GUI\GUIResources\GUIResources.h">
      <Filter>헤더 파일</Filter>
    </ClInclude>
    <ClInclude Include="GUI\Inventory\Inventory.h">
      <Filter>헤더 파일</Filter>
    </ClInclude>
    <ClInclude Include="GUI\Items\Opacity\OBlockItem.h">
      <Filter>헤더 파일</Filter>
    </ClInclude>
    <ClInclude Include="GUI\Items\Transparent\TBlockItem.h">
      <Filter>헤더 파일</Filter>
    </ClInclude>
    <ClInclude Include="GUI\Items\BlockItem.h">
      <Filter>헤더 파일</Filter>
    </ClInclude>
    <ClInclude Include="GUI\TabItems\TabItems.h">
      <Filter>헤더 파일</Filter>
    </ClInclude>
    <ClInclude Include="GUI\GUI.h">
      <Filter>헤더 파일</Filter>
    </ClInclude>
    <ClInclude Include="GUI\GUIManager.h">
      <Filter>헤더 파일</Filter>
    </ClInclude>
    <ClInclude Include="StartScene\Letter\Letter.h">
      <Filter>헤더 파일</Filter>
    </ClInclude>
    <ClInclude Include="StartScene\StartScene.h">
      <Filter>헤더 파일</Filter>
    </ClInclude>
    <ClInclude Include="Utils\JSON\json.hpp">
      <Filter>헤더 파일</Filter>
    </ClInclude>
    <ClInclude Include="Utils\SimpleMath\SimpleMath.h">
      <Filter>헤더 파일</Filter>
    </ClInclude>
    <ClInclude Include="Utils\stb_image\stb_image.h">
      <Filter>헤더 파일</Filter>
    </ClInclude>
    <ClInclude Include="Utils\stb_image\stb_image_write.h">
      <Filter>헤더 파일</Filter>
    </ClInclude>
    <ClInclude Include="Utils\WICTextureLoader\WICTextureLoader11.h">
      <Filter>헤더 파일</Filter>
    </ClInclude>
    <ClInclude Include="World\Block\Block.h">
      <Filter>헤더 파일</Filter>
    </ClInclude>
    <ClInclude Include="World\Chunk\TBlock\TPChunk.h">
      <Filter>헤더 파일</Filter>
    </ClInclude>
    <ClInclude Include="World\Chunk\WaterChunk\WaterChunk.h">
      <Filter>헤더 파일</Filter>
    </ClInclude>
    <ClInclude Include="World\Chunk\Chunk.h">
      <Filter>헤더 파일</Filter>
    </ClInclude>
    <ClInclude Include="World\DeferredGraphic\DeferredBuffer.h">
      <Filter>헤더 파일</Filter>
    </ClInclude>
    <ClInclude Include="World\DeferredGraphic\DeferredGraphics.h">
      <Filter>헤더 파일</Filter>
    </ClInclude>
    <ClInclude Include="World\Entity\Character\Arms\LeftArm.h">
      <Filter>헤더 파일</Filter>
    </ClInclude>
    <ClInclude Include="World\Entity\Character\Arms\RightArm.h">
      <Filter>헤더 파일</Filter>
    </ClInclude>
    <ClInclude Include="World\Entity\Character\Body\Body.h">
      <Filter>헤더 파일</Filter>
    </ClInclude>
    <ClInclude Include="World\Entity\Character\Head\Head.h">
      <Filter>헤더 파일</Filter>
    </ClInclude>
    <ClInclude Include="World\Entity\Character\Legs\LeftLeg.h">
      <Filter>헤더 파일</Filter>
    </ClInclude>
    <ClInclude Include="World\Entity\Character\Legs\RightLeg.h">
      <Filter>헤더 파일</Filter>
    </ClInclude>
    <ClInclude Include="World\Entity\Character\Character.h">
      <Filter>헤더 파일</Filter>
    </ClInclude>
    <ClInclude Include="World\Entity\Collision\CollisionUtils\CollisionUtils.h">
      <Filter>헤더 파일</Filter>
    </ClInclude>
    <ClInclude Include="World\Entity\Collision\CollisionUtils\SweptAABB.h">
      <Filter>헤더 파일</Filter>
    </ClInclude>
    <ClInclude Include="World\Entity\Collision\Collision.h">
      <Filter>헤더 파일</Filter>
    </ClInclude>
    <ClInclude Include="World\Entity\Parts\Parts.h">
      <Filter>헤더 파일</Filter>
    </ClInclude>
    <ClInclude Include="World\Entity\Entity.h">
      <Filter>헤더 파일</Filter>
    </ClInclude>
    <ClInclude Include="World\Map\MapUtils\MapUtils.h">
      <Filter>헤더 파일</Filter>
    </ClInclude>
    <ClInclude Include="World\Map\System\LightSystem\LightSystem.h">
      <Filter>헤더 파일</Filter>
    </ClInclude>
    <ClInclude Include="World\Map\System\RenderSystem\DeferredRender\OpacityRender\GeoRender\ParallaxMapping\ParallaxMapping.h">
      <Filter>헤더 파일</Filter>
    </ClInclude>
    <ClInclude Include="World\Map\System\RenderSystem\DeferredRender\OpacityRender\GeoRender\GeoRender.h">
      <Filter>헤더 파일</Filter>
    </ClInclude>
    <ClInclude Include="World\Map\System\RenderSystem\DeferredRender\OpacityRender\InputLayouts\InputLayouts.h">
      <Filter>헤더 파일</Filter>
    </ClInclude>
    <ClInclude Include="World\Map\System\RenderSystem\DeferredRender\OpacityRender\PBR\PBR.h">
      <Filter>헤더 파일</Filter>
    </ClInclude>
    <ClInclude Include="World\Map\System\RenderSystem\DeferredRender\OpacityRender\ShadowRender\CaveShadow\CaveShadow.h">
      <Filter>헤더 파일</Filter>
    </ClInclude>
    <ClInclude Include="World\Map\System\RenderSystem\DeferredRender\OpacityRender\ShadowRender\CSM\CascadeShadow.h">
      <Filter>헤더 파일</Filter>
    </ClInclude>
    <ClInclude Include="World\Map\System\RenderSystem\DeferredRender\OpacityRender\ShadowRender\ShadowRender.h">
      <Filter>헤더 파일</Filter>
    </ClInclude>
    <ClInclude Include="World\Map\System\RenderSystem\DeferredRender\OpacityRender\SSAO\SSAOBlur\SsaoBlur.h">
      <Filter>헤더 파일</Filter>
    </ClInclude>
    <ClInclude Include="World\Map\System\RenderSystem\DeferredRender\OpacityRender\SSAO\SSAORender\SsaoRender.h">
      <Filter>헤더 파일</Filter>
    </ClInclude>
    <ClInclude Include="World\Map\System\RenderSystem\DeferredRender\OpacityRender\WallPaper\CubeMap\CubeMap.h">
      <Filter>헤더 파일</Filter>
    </ClInclude>
    <ClInclude Include="World\Map\System\RenderSystem\DeferredRender\OpacityRender\WallPaper\SunMoon\Blur\Blur.h">
      <Filter>헤더 파일</Filter>
    </ClInclude>
    <ClInclude Include="World\Map\System\RenderSystem\DeferredRender\OpacityRender\WallPaper\SunMoon\Blur\Filter.h">
      <Filter>헤더 파일</Filter>
    </ClInclude>
    <ClInclude Include="World\Map\System\RenderSystem\DeferredRender\OpacityRender\WallPaper\SunMoon\Object\Sun\Sun.h">
      <Filter>헤더 파일</Filter>
    </ClInclude>
    <ClInclude Include="World\Map\System\RenderSystem\DeferredRender\OpacityRender\WallPaper\SunMoon\Object\SunMoon.h">
      <Filter>헤더 파일</Filter>
    </ClInclude>
    <ClInclude Include="World\Map\System\RenderSystem\DeferredRender\OpacityRender\WallPaper\SunMoon\ResultSM.h">
      <Filter>헤더 파일</Filter>
    </ClInclude>
    <ClInclude Include="World\Map\System\RenderSystem\DeferredRender\OpacityRender\WallPaper\Wallpaper.h">
      <Filter>헤더 파일</Filter>
    </ClInclude>
    <ClInclude Include="World\Map\System\RenderSystem\DeferredRender\OpacityRender\OpacityRender.h">
      <Filter>헤더 파일</Filter>
    </ClInclude>
    <ClInclude Include="World\Map\System\RenderSystem\DeferredRender\DeferredRendering.h">
      <Filter>헤더 파일</Filter>
    </ClInclude>
    <ClInclude Include="World\Map\System\RenderSystem\OIT\Composite\Composite.h">
      <Filter>헤더 파일</Filter>
    </ClInclude>
    <ClInclude Include="World\Map\System\RenderSystem\OIT\Transparent\Transparent.h">
      <Filter>헤더 파일</Filter>
    </ClInclude>
    <ClInclude Include="World\Map\System\RenderSystem\OIT\Water\WaterInit\WaterInit.h">
      <Filter>헤더 파일</Filter>
    </ClInclude>
    <ClInclude Include="World\Map\System\RenderSystem\OIT\Water\WaterReflection\WaterReflection.h">
      <Filter>헤더 파일</Filter>
    </ClInclude>
    <ClInclude Include="World\Map\System\RenderSystem\OIT\Water\WaterRefraction\WaterRefraction.h">
      <Filter>헤더 파일</Filter>
    </ClInclude>
    <ClInclude Include="World\Map\System\RenderSystem\OIT\Water\Water.h">
      <Filter>헤더 파일</Filter>
    </ClInclude>
    <ClInclude Include="World\Map\System\RenderSystem\OIT\OIT.h">
      <Filter>헤더 파일</Filter>
    </ClInclude>
    <ClInclude Include="World\Map\System\RenderSystem\RenderSystem.h">
      <Filter>헤더 파일</Filter>
    </ClInclude>
    <ClInclude Include="World\Map\System\TerrainSystem\SetCave\SetCave.h">
      <Filter>헤더 파일</Filter>
    </ClInclude>
    <ClInclude Include="World\Map\System\TerrainSystem\SetWater\SetWater.h">
      <Filter>헤더 파일</Filter>
    </ClInclude>
    <ClInclude Include="World\Map\System\TerrainSystem\Trees\SetTree\SetTree.h">
      <Filter>헤더 파일</Filter>
    </ClInclude>
    <ClInclude Include="World\Map\System\TerrainSystem\Trees\Trees.h">
      <Filter>헤더 파일</Filter>
    </ClInclude>
    <ClInclude Include="World\Map\System\TerrainSystem\TerrainSystem.h">
      <Filter>헤더 파일</Filter>
    </ClInclude>
    <ClInclude Include="World\Map\Map.h">
      <Filter>헤더 파일</Filter>
    </ClInclude>
    <ClInclude Include="World\Noise\PerlinNoise.h">
      <Filter>헤더 파일</Filter>
    </ClInclude>
    <ClInclude Include="World\TestCam\TestCam.h">
      <Filter>헤더 파일</Filter>
    </ClInclude>
    <ClInclude Include="World\Time\GameTime.h">
      <Filter>헤더 파일</Filter>
    </ClInclude>
    <ClInclude Include="World\Utils\MathHelper.h">
      <Filter>헤더 파일</Filter>
    </ClInclude>
    <ClInclude Include="World\Utils\WorldUtils.h">
      <Filter>헤더 파일</Filter>
    </ClInclude>
    <ClInclude Include="World\Map\ThreadPool.h">
      <Filter>헤더 파일</Filter>
    </ClInclude>
  </ItemGroup>
  <ItemGroup>
    <ClCompile Include="pch.cpp">
      <Filter>소스 파일</Filter>
    </ClCompile>
    <ClCompile Include="main.cpp">
      <Filter>소스 파일</Filter>
    </ClCompile>
    <ClCompile Include="TestRender.cpp">
      <Filter>소스 파일</Filter>
    </ClCompile>
    <ClCompile Include="World\Terrain.cpp">
      <Filter>소스 파일</Filter>
    </ClCompile>
    <ClCompile Include="BlockTextureArray\BlockTextureArray.cpp">
      <Filter>소스 파일</Filter>
    </ClCompile>
    <ClCompile Include="CompositeRenderer\CompositeRenderer.cpp">
      <Filter>소스 파일</Filter>
    </ClCompile>
    <ClCompile Include="Engine\Graphic\Graphics.cpp">
      <Filter>소스 파일</Filter>
    </ClCompile>
    <ClCompile Include="Engine\Pipeline\Buffer\BasicBuffer\Buffer.cpp">
      <Filter>소스 파일</Filter>
    </ClCompile>
    <ClCompile Include="Engine\Pipeline\Buffer\ConstantBuffer\ConstantBuffer.cpp">
      <Filter>소스 파일</Filter>
    </ClCompile>
    <ClCompile Include="Engine\Pipeline\Buffer\DepthBuffer\DepthMap.cpp">
      <Filter>소스 파일</Filter>
    </ClCompile>
    <ClCompile Include="Engine\Pipeline\Buffer\StructuredBuffer\StructuredBuffer.cpp">
      <Filter>소스 파일</Filter>
    </ClCompile>
    <ClCompile Include="Engine\Pipeline\InputAssembler\InputLayout.cpp">
      <Filter>소스 파일</Filter>
    </ClCompile>
    <ClCompile Include="Engine\Pipeline\OutputMerger\BlendState.cpp">
      <Filter>소스 파일</Filter>
    </ClCompile>
    <ClCompile Include="Engine\Pipeline\Rasterizer\RasterizerState.cpp">
      <Filter>소스 파일</Filter>
    </ClCompile>
    <ClCompile Include="Engine\Pipeline\Shader\EXEPath\EXEPath.cpp">
      <Filter>소스 파일</Filter>
    </ClCompile>
    <ClCompile Include="Engine\Pipeline\Shader\PixelShader\PixelShader.cpp">
      <Filter>소스 파일</Filter>
    </ClCompile>
    <ClCompile Include="Engine\Pipeline\Shader\VertexShader\VertexShader.cpp">
      <Filter>소스 파일</Filter>
    </ClCompile>
    <ClCompile Include="Engine\Pipeline\Texture\Sampler\SamplerState.cpp">
      <Filter>소스 파일</Filter>
    </ClCompile>
    <ClCompile Include="Engine\Pipeline\Texture\Texture\Texture.cpp">
      <Filter>소스 파일</Filter>
    </ClCompile>
    <ClCompile Include="Engine\Pipeline\Texture\Texture\TextureArray.cpp">
      <Filter>소스 파일</Filter>
    </ClCompile>
    <ClCompile Include="Fmod\FmodSound.cpp">
      <Filter>소스 파일</Filter>
    </ClCompile>
    <ClCompile Include="GUI\GUIRender\GUIRender.cpp">
      <Filter>소스 파일</Filter>
    </ClCompile>
    <ClCompile Include="GUI\GUIResources\GUIResources.cpp">
      <Filter>소스 파일</Filter>
    </ClCompile>
    <ClCompile Include="GUI\Inventory\Inventory.cpp">
      <Filter>소스 파일</Filter>
    </ClCompile>
    <ClCompile Include="GUI\Items\Opacity\OBlockItem.cpp">
      <Filter>소스 파일</Filter>
    </ClCompile>
    <ClCompile Include="GUI\Items\Transparent\TBlockItem.cpp">
      <Filter>소스 파일</Filter>
    </ClCompile>
    <ClCompile Include="GUI\Items\BlockItem.cpp">
      <Filter>소스 파일</Filter>
    </ClCompile>
    <ClCompile Include="GUI\TabItems\TabItems.cpp">
      <Filter>소스 파일</Filter>
    </ClCompile>
    <ClCompile Include="GUI\GUI.cpp">
      <Filter>소스 파일</Filter>
    </ClCompile>
    <ClCompile Include="GUI\GUIManager.cpp">
      <Filter>소스 파일</Filter>
    </ClCompile>
    <ClCompile Include="StartScene\Letter\Letter.cpp">
      <Filter>소스 파일</Filter>
    </ClCompile>
    <ClCompile Include="StartScene\StartScene.cpp">
      <Filter>소스 파일</Filter>
    </ClCompile>
    <ClCompile Include="Utils\SimpleMath\SimpleMath.cpp">
      <Filter>소스 파일</Filter>
    </ClCompile>
    <ClCompile Include="Utils\WICTextureLoader\WICTextureLoader11.cpp">
      <Filter>소스 파일</Filter>
    </ClCompile>
    <ClCompile Include="World\Block\Block.cpp">
      <Filter>소스 파일</Filter>
    </ClCompile>
    <ClCompile Include="World\Chunk\TBlock\TPChunk.cpp">
      <Filter>소스 파일</Filter>
    </ClCompile>
    <ClCompile Include="World\Chunk\WaterChunk\WaterChunk.cpp">
      <Filter>소스 파일</Filter>
    </ClCompile>
    <ClCompile Include="World\Chunk\Chunk.cpp">
      <Filter>소스 파일</Filter>
    </ClCompile>
    <ClCompile Include="World\DeferredGraphic\DeferredBuffer.cpp">
      <Filter>소스 파일</Filter>
    </ClCompile>
    <ClCompile Include="World\DeferredGraphic\DeferredGraphics.cpp">
      <Filter>소스 파일</Filter>
    </ClCompile>
    <ClCompile Include="World\Entity\Character\Arms\LeftArm.cpp">
      <Filter>소스 파일</Filter>
    </ClCompile>
    <ClCompile Include="World\Entity\Character\Arms\RightArm.cpp">
      <Filter>소스 파일</Filter>
    </ClCompile>
    <ClCompile Include="World\Entity\Character\Body\Body.cpp">
      <Filter>소스 파일</Filter>
    </ClCompile>
    <ClCompile Include="World\Entity\Character\Head\Head.cpp">
      <Filter>소스 파일</Filter>
    </ClCompile>
    <ClCompile Include="World\Entity\Character\Legs\LeftLeg.cpp">
      <Filter>소스 파일</Filter>
    </ClCompile>
    <ClCompile Include="World\Entity\Character\Legs\RightLeg.cpp">
      <Filter>소스 파일</Filter>
    </ClCompile>
    <ClCompile Include="World\Entity\Character\Character.cpp">
      <Filter>소스 파일</Filter>
    </ClCompile>
    <ClCompile Include="World\Entity\Collision\CollisionUtils\CollisionUtils.cpp">
      <Filter>소스 파일</Filter>
    </ClCompile>
    <ClCompile Include="World\Entity\Collision\CollisionUtils\SweptAABB.cpp">
      <Filter>소스 파일</Filter>
    </ClCompile>
    <ClCompile Include="World\Entity\Collision\Collision.cpp">
      <Filter>소스 파일</Filter>
    </ClCompile>
    <ClCompile Include="World\Entity\Parts\Parts.cpp">
      <Filter>소스 파일</Filter>
    </ClCompile>
    <ClCompile Include="World\Entity\Entity.cpp">
      <Filter>소스 파일</Filter>
    </ClCompile>
    <ClCompile Include="World\Map\MapUtils\MapUtils.cpp">
      <Filter>소스 파일</Filter>
    </ClCompile>
    <ClCompile Include="World\Map\System\LightSystem\LightSystem.cpp">
      <Filter>소스 파일</Filter>
    </ClCompile>
    <ClCompile Include="World\Map\System\RenderSystem\DeferredRender\OpacityRender\GeoRender\ParallaxMapping\ParallaxMapping.cpp">
      <Filter>소스 파일</Filter>
    </ClCompile>
    <ClCompile Include="World\Map\System\RenderSystem\DeferredRender\OpacityRender\GeoRender\GeoRender.cpp">
      <Filter>소스 파일</Filter>
    </ClCompile>
    <ClCompile Include="World\Map\System\RenderSystem\DeferredRender\OpacityRender\InputLayouts\InputLayouts.cpp">
      <Filter>소스 파일</Filter>
    </ClCompile>
    <ClCompile Include="World\Map\System\RenderSystem\DeferredRender\OpacityRender\PBR\PBR.cpp">
      <Filter>소스 파일</Filter>
    </ClCompile>
    <ClCompile Include="World\Map\System\RenderSystem\DeferredRender\OpacityRender\ShadowRender\CaveShadow\CaveShadow.cpp">
      <Filter>소스 파일</Filter>
    </ClCompile>
    <ClCompile Include="World\Map\System\RenderSystem\DeferredRender\OpacityRender\ShadowRender\CSM\CascadeShadow.cpp">
      <Filter>소스 파일</Filter>
    </ClCompile>
    <ClCompile Include="World\Map\System\RenderSystem\DeferredRender\OpacityRender\ShadowRender\ShadowRender.cpp">
      <Filter>소스 파일</Filter>
    </ClCompile>
    <ClCompile Include="World\Map\System\RenderSystem\DeferredRender\OpacityRender\SSAO\SSAOBlur\SsaoBlur.cpp">
      <Filter>소스 파일</Filter>
    </ClCompile>
    <ClCompile Include="World\Map\System\RenderSystem\DeferredRender\OpacityRender\SSAO\SSAORender\SsaoRender.cpp">
      <Filter>소스 파일</Filter>
    </ClCompile>
    <ClCompile Include="World\Map\System\RenderSystem\DeferredRender\OpacityRender\WallPaper\CubeMap\CubeMap.cpp">
      <Filter>소스 파일</Filter>
    </ClCompile>
    <ClCompile Include="World\Map\System\RenderSystem\DeferredRender\OpacityRender\WallPaper\SunMoon\Blur\Blur.cpp">
      <Filter>소스 파일</Filter>
    </ClCompile>
    <ClCompile Include="World\Map\System\RenderSystem\DeferredRender\OpacityRender\WallPaper\SunMoon\Blur\Filter.cpp">
      <Filter>소스 파일</Filter>
    </ClCompile>
    <ClCompile Include="World\Map\System\RenderSystem\DeferredRender\OpacityRender\WallPaper\SunMoon\Object\Sun\Sun.cpp">
      <Filter>소스 파일</Filter>
    </ClCompile>
    <ClCompile Include="World\Map\System\RenderSystem\DeferredRender\OpacityRender\WallPaper\SunMoon\Object\SunMoon.cpp">
      <Filter>소스 파일</Filter>
    </ClCompile>
    <ClCompile Include="World\Map\System\RenderSystem\DeferredRender\OpacityRender\WallPaper\SunMoon\ResultSM.cpp">
      <Filter>소스 파일</Filter>
    </ClCompile>
    <ClCompile Include="World\Map\System\RenderSystem\DeferredRender\OpacityRender\WallPaper\Wallpaper.cpp">
      <Filter>소스 파일</Filter>
    </ClCompile>
    <ClCompile Include="World\Map\System\RenderSystem\DeferredRender\OpacityRender\OpacityRender.cpp">
      <Filter>소스 파일</Filter>
    </ClCompile>
    <ClCompile Include="World\Map\System\RenderSystem\DeferredRender\DeferredRendering.cpp">
      <Filter>소스 파일</Filter>
    </ClCompile>
    <ClCompile Include="World\Map\System\RenderSystem\OIT\Composite\Composite.cpp">
      <Filter>소스 파일</Filter>
    </ClCompile>
    <ClCompile Include="World\Map\System\RenderSystem\OIT\Transparent\Transparent.cpp">
      <Filter>소스 파일</Filter>
    </ClCompile>
    <ClCompile Include="World\Map\System\RenderSystem\OIT\Water\WaterInit\WaterInit.cpp">
      <Filter>소스 파일</Filter>
    </ClCompile>
    <ClCompile Include="World\Map\System\RenderSystem\OIT\Water\WaterReflection\WaterReflection.cpp">
      <Filter>소스 파일</Filter>
    </ClCompile>
    <ClCompile Include="World\Map\System\RenderSystem\OIT\Water\WaterRefraction\WaterRefraction.cpp">
      <Filter>소스 파일</Filter>
    </ClCompile>
    <ClCompile Include="World\Map\System\RenderSystem\OIT\Water\Water.cpp">
      <Filter>소스 파일</Filter>
    </ClCompile>
    <ClCompile Include="World\Map\System\RenderSystem\OIT\OIT.cpp">
      <Filter>소스 파일</Filter>
    </ClCompile>
    <ClCompile Include="World\Map\System\RenderSystem\RenderSystem.cpp">
      <Filter>소스 파일</Filter>
    </ClCompile>
    <ClCompile Include="World\Map\System\TerrainSystem\SetCave\SetCave.cpp">
      <Filter>소스 파일</Filter>
    </ClCompile>
    <ClCompile Include="World\Map\System\TerrainSystem\SetWater\SetWater.cpp">
      <Filter>소스 파일</Filter>
    </ClCompile>
    <ClCompile Include="World\Map\System\TerrainSystem\Trees\SetTree\SetTree.cpp">
      <Filter>소스 파일</Filter>
    </ClCompile>
    <ClCompile Include="World\Map\System\TerrainSystem\Trees\Trees.cpp">
      <Filter>소스 파일</Filter>
    </ClCompile>
    <ClCompile Include="World\Map\System\TerrainSystem\TerrainSystem.cpp">
      <Filter>소스 파일</Filter>
    </ClCompile>
    <ClCompile Include="World\Map\Map.cpp">
      <Filter>소스 파일</Filter>
    </ClCompile>
    <ClCompile Include="World\Noise\PerlinNoise.cpp">
      <Filter>소스 파일</Filter>
    </ClCompile>
    <ClCompile Include="World\TestCam\TestCam.cpp">
      <Filter>소스 파일</Filter>
    </ClCompile>
    <ClCompile Include="World\Time\GameTime.cpp">
      <Filter>소스 파일</Filter>
    </ClCompile>
    <ClCompile Include="World\Utils\MathHelper.cpp">
      <Filter>소스 파일</Filter>
    </ClCompile>
    <ClCompile Include="World\Utils\WorldUtils.cpp">
      <Filter>소스 파일</Filter>
    </ClCompile>
    <ClCompile Include="World\Map\ThreadPool.cpp">
      <Filter>소스 파일</Filter>
    </ClCompile>
  </ItemGroup>
  <ItemGroup>
    <None Include="resources\precision.cur">
      <Filter>리소스 파일</Filter>
    </None>
    <None Include="Utils\SimpleMath\SimpleMath.inl">
      <Filter>헤더 파일</Filter>
    </None>
  </ItemGroup>
  <ItemGroup>
    <Media Include="resources\fishing.mp3">
      <Filter>리소스 파일\Sound</Filter>
    </Media>
    <Media Include="resources\hal1.mp3">
      <Filter>리소스 파일\Sound</Filter>
    </Media>
    <Media Include="resources\Leaf_litter_break1.mp3">
      <Filter>리소스 파일\Sound</Filter>
    </Media>
    <Media Include="resources\m_click.mp3">
      <Filter>리소스 파일\Sound</Filter>
    </Media>
    <Media Include="resources\minecraft-glass-break.mp3">
      <Filter>리소스 파일\Sound</Filter>
    </Media>
    <Media Include="resources\roblox.mp3">
      <Filter>리소스 파일\Sound</Filter>
    </Media>
    <Media Include="resources\stone_effect.mp3">
      <Filter>리소스 파일\Sound</Filter>
    </Media>
  </ItemGroup>
  <ItemGroup>
    <FxCompile Include="shader\AllComposite\CompositeRendererPS.hlsl" />
    <FxCompile Include="shader\AllComposite\CompositeRendererVS.hlsl" />
    <FxCompile Include="shader\GUIShader\GUIRenderColorPS.hlsl" />
    <FxCompile Include="shader\GUIShader\GUIRenderColorVS.hlsl" />
    <FxCompile Include="shader\GUIShader\GUIRenderPS.hlsl" />
    <FxCompile Include="shader\GUIShader\GUIRenderVS.hlsl" />
    <FxCompile Include="shader\GUIShader\InventoryShader\InventoryOptPS.hlsl" />
    <FxCompile Include="shader\GUIShader\InventoryShader\InventoryOptVS.hlsl" />
    <FxCompile Include="shader\GUIShader\TabItemShader\TabItemsOptPS.hlsl" />
    <FxCompile Include="shader\GUIShader\TabItemShader\TabItemsOptVS.hlsl" />
    <FxCompile Include="shader\StartSceneShader\StartScenePS.hlsl" />
    <FxCompile Include="shader\StartSceneShader\StartSceneVS.hlsl" />
    <FxCompile Include="shader\World\FinishPS.hlsl" />
    <FxCompile Include="shader\World\FinishVS.hlsl" />
    <FxCompile Include="shader\World\DeferredShader\ResultPS.hlsl" />
    <FxCompile Include="shader\World\DeferredShader\ResultVS.hlsl" />
    <FxCompile Include="shader\World\DeferredShader\CaveShadow\CaveShadowPS.hlsl" />
    <FxCompile Include="shader\World\DeferredShader\CaveShadow\CaveShadowVS.hlsl" />
    <FxCompile Include="shader\World\DeferredShader\Character\CharacterPS.hlsl" />
    <FxCompile Include="shader\World\DeferredShader\Character\CharacterVS.hlsl" />
    <FxCompile Include="shader\World\DeferredShader\Entity\EntityPS.hlsl" />
    <FxCompile Include="shader\World\DeferredShader\Entity\EntityVS.hlsl" />
    <FxCompile Include="shader\World\DeferredShader\Geometry\ParallaxMapping\ParallaxPS.hlsl" />
    <FxCompile Include="shader\World\DeferredShader\Geometry\ParallaxMapping\ParallaxVS.hlsl" />
    <FxCompile Include="shader\World\DeferredShader\PBR\PBRPS.hlsl" />
    <FxCompile Include="shader\World\DeferredShader\PBR\PBRVS.hlsl" />
    <FxCompile Include="shader\World\DeferredShader\Shadow\CombineShadowPS.hlsl" />
    <FxCompile Include="shader\World\DeferredShader\Shadow\CombineShadowVS.hlsl" />
    <FxCompile Include="shader\World\DeferredShader\Shadow\CSM\ShadowPS.hlsl" />
    <FxCompile Include="shader\World\DeferredShader\Shadow\CSM\ShadowVS.hlsl" />
    <FxCompile Include="shader\World\DeferredShader\SkyBox\SkyBoxPS.hlsl" />
    <FxCompile Include="shader\World\DeferredShader\SkyBox\SkyBoxVS.hlsl" />
    <FxCompile Include="shader\World\DeferredShader\SkyBox\Combine\CombinePS.hlsl" />
    <FxCompile Include="shader\World\DeferredShader\SkyBox\Combine\CombineVS.hlsl" />
    <FxCompile Include="shader\World\DeferredShader\SkyBox\SunMoon\Blur\BlurXPS.hlsl" />
    <FxCompile Include="shader\World\DeferredShader\SkyBox\SunMoon\Blur\BlurYPS.hlsl" />
    <FxCompile Include="shader\World\DeferredShader\SkyBox\SunMoon\Object\SunMoonPS.hlsl" />
    <FxCompile Include="shader\World\DeferredShader\SkyBox\SunMoon\Object\SunMoonVS.hlsl" />
    <FxCompile Include="shader\World\DeferredShader\SkyBox\SunMoon\Sampling\SamplingPS.hlsl" />
    <FxCompile Include="shader\World\DeferredShader\SkyBox\SunMoon\Sampling\SamplingVS.hlsl" />
    <FxCompile Include="shader\World\DeferredShader\SkyBox\SunMoon\SemiCombine\SemiCombinePS.hlsl" />
    <FxCompile Include="shader\World\DeferredShader\SkyBox\SunMoon\SemiCombine\SemiCombineVS.hlsl" />
    <FxCompile Include="shader\World\DeferredShader\SSAO\SSAOPS.hlsl" />
    <FxCompile Include="shader\World\DeferredShader\SSAO\SSAOVS.hlsl" />
    <FxCompile Include="shader\World\DeferredShader\SSAO\SSAOBlur\SSAOBlurPS.hlsl" />
    <FxCompile Include="shader\World\DeferredShader\SSAO\SSAOBlur\SSAOBlurVS.hlsl" />
    <FxCompile Include="shader\World\OIT\OITResultPS.hlsl" />
    <FxCompile Include="shader\World\OIT\OITResultVS.hlsl" />
    <FxCompile Include="shader\World\OIT\Composite\CompositePS.hlsl" />
    <FxCompile Include="shader\World\OIT\Composite\CompositeVS.hlsl" />
    <FxCompile Include="shader\World\OIT\Transparent\TransparentPS.hlsl" />
    <FxCompile Include="shader\World\OIT\Transparent\TransparentVS.hlsl" />
    <FxCompile Include="shader\World\OIT\Water\WaterPS.hlsl" />
    <FxCompile Include="shader\World\OIT\Water\WaterVS.hlsl" />
    <FxCompile Include="shader\World\OIT\Water\InWater\InWaterPS.hlsl" />
    <FxCompile Include="shader\World\OIT\Water\InWater\InWaterVS.hlsl" />
    <FxCompile Include="shader\World\OIT\Water\Reflection\ReflectionPS.hlsl" />
    <FxCompile Include="shader\World\OIT\Water\Reflection\ReflectionVS.hlsl" />
    <FxCompile Include="shader\World\OIT\Water\Reflection\Cube\ReflectionCubePS.hlsl" />
    <FxCompile Include="shader\World\OIT\Water\Reflection\Cube\ReflectionCubeVS.hlsl" />
    <FxCompile Include="shader\World\OIT\Water\WaterInit\WaterInitPS.hlsl" />
    <FxCompile Include="shader\World\OIT\Water\WaterInit\WaterInitVS.hlsl" />
    <FxCompile Include="shader\World\OIT\Water\WaterRefraction\RefractionPS.hlsl" />
    <FxCompile Include="shader\World\OIT\Water\WaterRefraction\RefractionVS.hlsl" />
    <FxCompile Include="shader\World\DeferredShader\Geometry\GeometryPS.hlsl" />
    <FxCompile Include="shader\World\DeferredShader\Geometry\GeometryVS.hlsl" />
  </ItemGroup>
  <ItemGroup>
    <ResourceCompile Include="resources\scop.rc">
      <Filter>리소스 파일</Filter>
    </ResourceCompile>
  </ItemGroup>
</Project>